// !$*UTF8*$!
{
	archiveVersion = 1;
	classes = {
	};
	objectVersion = 52;
	objects = {

/* Begin PBXBuildFile section */
		CA0523F023E57813008F8A94 /* GameViewContent.swift in Sources */ = {isa = PBXBuildFile; fileRef = CA0523EF23E57813008F8A94 /* GameViewContent.swift */; };
		CA0939D024B6B0E700488713 /* Array+Extensions.swift in Sources */ = {isa = PBXBuildFile; fileRef = CA0939CF24B6B0E700488713 /* Array+Extensions.swift */; };
		CA0C77E425295BAF00C9AA89 /* EmojiHUD.swift in Sources */ = {isa = PBXBuildFile; fileRef = CA0C77E325295BAF00C9AA89 /* EmojiHUD.swift */; };
		CA0F938F2422C80800F6E104 /* DebugOverlay.swift in Sources */ = {isa = PBXBuildFile; fileRef = CA0F938E2422C80800F6E104 /* DebugOverlay.swift */; };
		CA0F93942426003800F6E104 /* GameView2DController.swift in Sources */ = {isa = PBXBuildFile; fileRef = CA0F93932426003800F6E104 /* GameView2DController.swift */; };
		CA0F9396242602BA00F6E104 /* GameView2D.swift in Sources */ = {isa = PBXBuildFile; fileRef = CA0F9395242602BA00F6E104 /* GameView2D.swift */; };
		CA0F939824264CB700F6E104 /* SpriteManager.swift in Sources */ = {isa = PBXBuildFile; fileRef = CA0F939724264CB700F6E104 /* SpriteManager.swift */; };
		CA0F939A24264DE400F6E104 /* GameState+2D.swift in Sources */ = {isa = PBXBuildFile; fileRef = CA0F939924264DE400F6E104 /* GameState+2D.swift */; };
		CA0F93A12427DCE600F6E104 /* CoreGraphics+Extensions.swift in Sources */ = {isa = PBXBuildFile; fileRef = CA0F93A02427DCE600F6E104 /* CoreGraphics+Extensions.swift */; };
		CA0F93A32427E83500F6E104 /* SKView+Extensions.swift in Sources */ = {isa = PBXBuildFile; fileRef = CA0F93A22427E83500F6E104 /* SKView+Extensions.swift */; };
		CA0F93A52428AEE200F6E104 /* DebugSprite.swift in Sources */ = {isa = PBXBuildFile; fileRef = CA0F93A42428AEE200F6E104 /* DebugSprite.swift */; };
		CA1BDD8D2570B00400A16D26 /* SectionHeader.swift in Sources */ = {isa = PBXBuildFile; fileRef = CA1BDD8C2570B00400A16D26 /* SectionHeader.swift */; };
		CA1BDD922570C35200A16D26 /* LoadingView.swift in Sources */ = {isa = PBXBuildFile; fileRef = CA1BDD912570C35200A16D26 /* LoadingView.swift */; };
		CA1BDD952570C60300A16D26 /* ThemeNavigationLink.swift in Sources */ = {isa = PBXBuildFile; fileRef = CA1BDD942570C60300A16D26 /* ThemeNavigationLink.swift */; };
		CA22022C243F800D005367B6 /* LoadingHUD.swift in Sources */ = {isa = PBXBuildFile; fileRef = CA22022B243F800D005367B6 /* LoadingHUD.swift */; };
		CA238A5F25983A7100EFD721 /* ModalView.swift in Sources */ = {isa = PBXBuildFile; fileRef = CA238A5E25983A7100EFD721 /* ModalView.swift */; };
		CA238A622598F72300EFD721 /* HiveAPI+Endpoint.swift in Sources */ = {isa = PBXBuildFile; fileRef = CA238A612598F72300EFD721 /* HiveAPI+Endpoint.swift */; };
		CA238A662598F90F00EFD721 /* HiveAPI+Error.swift in Sources */ = {isa = PBXBuildFile; fileRef = CA238A652598F90F00EFD721 /* HiveAPI+Error.swift */; };
		CA286D08247140A80044BAAE /* SettingsListViewModel.swift in Sources */ = {isa = PBXBuildFile; fileRef = CA286D07247140A80044BAAE /* SettingsListViewModel.swift */; };
		CA286D0A2471E84B0044BAAE /* Preferences.swift in Sources */ = {isa = PBXBuildFile; fileRef = CA286D092471E84B0044BAAE /* Preferences.swift */; };
		CA41ACAC2454A30B00B6F88E /* Toaster.swift in Sources */ = {isa = PBXBuildFile; fileRef = CA41ACAB2454A30B00B6F88E /* Toaster.swift */; };
		CA45F9BA242B7C4C007EC94D /* EventHUD.swift in Sources */ = {isa = PBXBuildFile; fileRef = CA45F9B9242B7C4C007EC94D /* EventHUD.swift */; };
		CA45F9BC242B85C2007EC94D /* GameEvent.swift in Sources */ = {isa = PBXBuildFile; fileRef = CA45F9BB242B85C2007EC94D /* GameEvent.swift */; };
		CA45F9C0242E4857007EC94D /* PieceStack.swift in Sources */ = {isa = PBXBuildFile; fileRef = CA45F9BF242E4857007EC94D /* PieceStack.swift */; };
		CA45F9C2242E6119007EC94D /* PieceClassDetails.swift in Sources */ = {isa = PBXBuildFile; fileRef = CA45F9C1242E6119007EC94D /* PieceClassDetails.swift */; };
		CA45F9C4242E758C007EC94D /* GameRule.swift in Sources */ = {isa = PBXBuildFile; fileRef = CA45F9C3242E758C007EC94D /* GameRule.swift */; };
		CA45F9C6242E9F7A007EC94D /* Markdown.swift in Sources */ = {isa = PBXBuildFile; fileRef = CA45F9C5242E9F7A007EC94D /* Markdown.swift */; };
		CA4F1B4F262B287D002C4DC1 /* Hive-for-watchOS-Extension.appex in Embed App Extensions */ = {isa = PBXBuildFile; fileRef = CA4F1B4E262B287D002C4DC1 /* Hive-for-watchOS-Extension.appex */; settings = {ATTRIBUTES = (RemoveHeadersOnCopy, ); }; };
		CA4F1B54262B287D002C4DC1 /* ContentView.swift in Sources */ = {isa = PBXBuildFile; fileRef = CA4F1B53262B287D002C4DC1 /* ContentView.swift */; };
		CA4F1B56262B287D002C4DC1 /* HiveWatchApp.swift in Sources */ = {isa = PBXBuildFile; fileRef = CA4F1B55262B287D002C4DC1 /* HiveWatchApp.swift */; };
		CA4F1B58262B287D002C4DC1 /* ComplicationController.swift in Sources */ = {isa = PBXBuildFile; fileRef = CA4F1B57262B287D002C4DC1 /* ComplicationController.swift */; };
		CA4F1B5D262B287F002C4DC1 /* Preview Assets.xcassets in Resources */ = {isa = PBXBuildFile; fileRef = CA4F1B5C262B287F002C4DC1 /* Preview Assets.xcassets */; };
		CA4F1B61262B287F002C4DC1 /* Hive-for-watchOS.app in Embed Watch Content */ = {isa = PBXBuildFile; fileRef = CA4F1B45262B287B002C4DC1 /* Hive-for-watchOS.app */; settings = {ATTRIBUTES = (RemoveHeadersOnCopy, ); }; };
		CA4F1B81262B2A7E002C4DC1 /* Assets.xcassets in Resources */ = {isa = PBXBuildFile; fileRef = CA4F1B59262B287F002C4DC1 /* Assets.xcassets */; };
		CA4F1B93262B2B84002C4DC1 /* Assets.xcassets in Resources */ = {isa = PBXBuildFile; fileRef = CA4F1B92262B2B84002C4DC1 /* Assets.xcassets */; };
		CA5C82E6253E715E008D47B5 /* SearchBar.swift in Sources */ = {isa = PBXBuildFile; fileRef = CA5C82E5253E715E008D47B5 /* SearchBar.swift */; };
		CA5C82E9254053D9008D47B5 /* ProfileListView.swift in Sources */ = {isa = PBXBuildFile; fileRef = CA5C82E8254053D9008D47B5 /* ProfileListView.swift */; };
		CA5C82ED254053FD008D47B5 /* ProfileListViewModel.swift in Sources */ = {isa = PBXBuildFile; fileRef = CA5C82EC254053FD008D47B5 /* ProfileListViewModel.swift */; };
		CA6C952824EF486300F58289 /* SpectatorRoomView.swift in Sources */ = {isa = PBXBuildFile; fileRef = CA6C952724EF486300F58289 /* SpectatorRoomView.swift */; };
		CA6C952C24EF5B0600F58289 /* SpectatorRoomViewModel.swift in Sources */ = {isa = PBXBuildFile; fileRef = CA6C952B24EF5B0600F58289 /* SpectatorRoomViewModel.swift */; };
		CA6CC92924A9579700E8CB27 /* LocalOpponentPicker.swift in Sources */ = {isa = PBXBuildFile; fileRef = CA6CC92824A9579700E8CB27 /* LocalOpponentPicker.swift */; };
		CA6CC92B24A96D8700E8CB27 /* BasicButton.swift in Sources */ = {isa = PBXBuildFile; fileRef = CA6CC92A24A96D8700E8CB27 /* BasicButton.swift */; };
		CA7299A42393156100AD1285 /* AppDelegate.swift in Sources */ = {isa = PBXBuildFile; fileRef = CA7299A32393156100AD1285 /* AppDelegate.swift */; };
		CA7299AA2393156400AD1285 /* Assets.xcassets in Resources */ = {isa = PBXBuildFile; fileRef = CA7299A92393156400AD1285 /* Assets.xcassets */; };
		CA7299AD2393156400AD1285 /* Preview Assets.xcassets in Resources */ = {isa = PBXBuildFile; fileRef = CA7299AC2393156400AD1285 /* Preview Assets.xcassets */; };
		CA7299B02393156400AD1285 /* LaunchScreen.storyboard in Resources */ = {isa = PBXBuildFile; fileRef = CA7299AE2393156400AD1285 /* LaunchScreen.storyboard */; };
		CA7525F3262CC392006317A5 /* HiveFoundation in Frameworks */ = {isa = PBXBuildFile; productRef = CA7525F2262CC392006317A5 /* HiveFoundation */; };
		CA752601262CD7A7006317A5 /* Logger.swift in Sources */ = {isa = PBXBuildFile; fileRef = CA752600262CD7A7006317A5 /* Logger.swift */; };
		CA75261B262CDEAF006317A5 /* LoadableSubject.swift in Sources */ = {isa = PBXBuildFile; fileRef = CA75261A262CDEAF006317A5 /* LoadableSubject.swift */; };
		CA752625262CE2F8006317A5 /* HiveFoundation in Frameworks */ = {isa = PBXBuildFile; productRef = CA752624262CE2F8006317A5 /* HiveFoundation */; };
		CA75CA72256B852900F02928 /* AppVersionUnsupportedView.swift in Sources */ = {isa = PBXBuildFile; fileRef = CA75CA71256B852900F02928 /* AppVersionUnsupportedView.swift */; };
		CA75CA76256BFD4700F02928 /* Dependencies.plist in Resources */ = {isa = PBXBuildFile; fileRef = CA75CA75256BFD4700F02928 /* Dependencies.plist */; };
		CA75CE43242A98D200998719 /* LoafState.swift in Sources */ = {isa = PBXBuildFile; fileRef = CA75CE42242A98D200998719 /* LoafState.swift */; };
		CA75CE45242AB65300998719 /* GameViewAR.swift in Sources */ = {isa = PBXBuildFile; fileRef = CA75CE44242AB65300998719 /* GameViewAR.swift */; };
		CA797F61246868000011E7D1 /* MatchHistoryList.swift in Sources */ = {isa = PBXBuildFile; fileRef = CA797F60246868000011E7D1 /* MatchHistoryList.swift */; };
		CA797F63246892AC0011E7D1 /* EmptyState.swift in Sources */ = {isa = PBXBuildFile; fileRef = CA797F62246892AC0011E7D1 /* EmptyState.swift */; };
		CA797F65246930BB0011E7D1 /* UserRepository.swift in Sources */ = {isa = PBXBuildFile; fileRef = CA797F64246930BB0011E7D1 /* UserRepository.swift */; };
		CA797F67246930C80011E7D1 /* UserInteractor.swift in Sources */ = {isa = PBXBuildFile; fileRef = CA797F66246930C80011E7D1 /* UserInteractor.swift */; };
		CA7D5E4C2433FDBF00D12A8C /* KeychainAccess in Frameworks */ = {isa = PBXBuildFile; productRef = CA7D5E4B2433FDBF00D12A8C /* KeychainAccess */; };
		CA82FA3725968CAB003DA809 /* View+Extensions.swift in Sources */ = {isa = PBXBuildFile; fileRef = CA82FA3625968CAB003DA809 /* View+Extensions.swift */; };
		CA82FA3B2597A814003DA809 /* User+Update.swift in Sources */ = {isa = PBXBuildFile; fileRef = CA82FA3A2597A813003DA809 /* User+Update.swift */; };
		CA88B80C244D89B600C4A276 /* Store.swift in Sources */ = {isa = PBXBuildFile; fileRef = CA88B80B244D89B600C4A276 /* Store.swift */; };
		CA8F46DD245DD27600B136D0 /* LoginSignupForm.swift in Sources */ = {isa = PBXBuildFile; fileRef = CA8F46DC245DD27600B136D0 /* LoginSignupForm.swift */; };
		CA8F46E1245EBD0D00B136D0 /* LobbyList.swift in Sources */ = {isa = PBXBuildFile; fileRef = CA8F46E0245EBD0D00B136D0 /* LobbyList.swift */; };
		CA8F46E5245EC35800B136D0 /* MatchInteractor.swift in Sources */ = {isa = PBXBuildFile; fileRef = CA8F46E4245EC35800B136D0 /* MatchInteractor.swift */; };
		CA8F46E7245EC36200B136D0 /* MatchRepository.swift in Sources */ = {isa = PBXBuildFile; fileRef = CA8F46E6245EC36200B136D0 /* MatchRepository.swift */; };
		CA8F46E9245F3D4500B136D0 /* OnlineRoomView.swift in Sources */ = {isa = PBXBuildFile; fileRef = CA8F46E8245F3D4500B136D0 /* OnlineRoomView.swift */; };
		CA90799C24B2931700B30CF6 /* GameSettings.swift in Sources */ = {isa = PBXBuildFile; fileRef = CA90799B24B2931700B30CF6 /* GameSettings.swift */; };
		CA9079A424B540EC00B30CF6 /* AttributionsList.swift in Sources */ = {isa = PBXBuildFile; fileRef = CA9079A324B540EC00B30CF6 /* AttributionsList.swift */; };
		CA91C32224350CEA007E7D55 /* User+LoginSignup.swift in Sources */ = {isa = PBXBuildFile; fileRef = CA91C32124350CEA007E7D55 /* User+LoginSignup.swift */; };
		CA92525124B6A83D003DB4F2 /* Emoji.swift in Sources */ = {isa = PBXBuildFile; fileRef = CA92525024B6A83D003DB4F2 /* Emoji.swift */; };
		CA9DFA0524F36A650045DA26 /* SpectatorGameViewModel.swift in Sources */ = {isa = PBXBuildFile; fileRef = CA9DFA0424F36A650045DA26 /* SpectatorGameViewModel.swift */; };
		CA9DFA0724F421BB0045DA26 /* PlayerGameViewModel.swift in Sources */ = {isa = PBXBuildFile; fileRef = CA9DFA0624F421BB0045DA26 /* PlayerGameViewModel.swift */; };
		CAA78AD1257DC9D200246CCD /* Tooltip.swift in Sources */ = {isa = PBXBuildFile; fileRef = CAA78AD0257DC9D200246CCD /* Tooltip.swift */; };
		CAA78AD4257F3DC400246CCD /* Confetti.swift in Sources */ = {isa = PBXBuildFile; fileRef = CAA78AD3257F3DC400246CCD /* Confetti.swift */; };
		CAA78AD8257F4A9C00246CCD /* Balloon.swift in Sources */ = {isa = PBXBuildFile; fileRef = CAA78AD7257F4A9C00246CCD /* Balloon.swift */; };
		CAA78AE1257F527000246CCD /* AnimateableEmoji.swift in Sources */ = {isa = PBXBuildFile; fileRef = CAA78AE0257F527000246CCD /* AnimateableEmoji.swift */; };
		CAA87BC124328F53006E418B /* User.swift in Sources */ = {isa = PBXBuildFile; fileRef = CAA87BC024328F53006E418B /* User.swift */; };
		CAAB6FB924766A4600A698F9 /* BetterTabBar.swift in Sources */ = {isa = PBXBuildFile; fileRef = CAAB6FB824766A4600A698F9 /* BetterTabBar.swift */; };
		CABDFCD223DB7FBC00C697AD /* Theme.swift in Sources */ = {isa = PBXBuildFile; fileRef = CABDFCD123DB7FBC00C697AD /* Theme.swift */; };
		CABDFCD923DB89AA00C697AD /* WelcomeView.swift in Sources */ = {isa = PBXBuildFile; fileRef = CABDFCD823DB89AA00C697AD /* WelcomeView.swift */; };
		CABDFCDE23DBA17200C697AD /* BottomSheet.swift in Sources */ = {isa = PBXBuildFile; fileRef = CABDFCDD23DBA17200C697AD /* BottomSheet.swift */; };
		CABDFCE123DBAC5700C697AD /* GameInformation.swift in Sources */ = {isa = PBXBuildFile; fileRef = CABDFCE023DBAC5700C697AD /* GameInformation.swift */; };
		CABDFD0623DCA73500C697AD /* HexImage.swift in Sources */ = {isa = PBXBuildFile; fileRef = CABDFD0523DCA73500C697AD /* HexImage.swift */; };
		CABDFD0823DD9FE300C697AD /* UserPreview.swift in Sources */ = {isa = PBXBuildFile; fileRef = CABDFD0723DD9FE300C697AD /* UserPreview.swift */; };
		CABDFD0A23DDAB4C00C697AD /* GameState+Extensions.swift in Sources */ = {isa = PBXBuildFile; fileRef = CABDFD0923DDAB4C00C697AD /* GameState+Extensions.swift */; };
		CABDFD0E23DF8B4000C697AD /* Experience+Extensions.swift in Sources */ = {isa = PBXBuildFile; fileRef = CABDFD0D23DF8B4000C697AD /* Experience+Extensions.swift */; };
		CABDFD1223E0C97000C697AD /* InformationHUD.swift in Sources */ = {isa = PBXBuildFile; fileRef = CABDFD1123E0C97000C697AD /* InformationHUD.swift */; };
		CAC650AC2461FC1900835209 /* ClientInteractor.swift in Sources */ = {isa = PBXBuildFile; fileRef = CAC650AB2461FC1900835209 /* ClientInteractor.swift */; };
		CAC685FE23CCF67300B882D2 /* Assets.swift in Sources */ = {isa = PBXBuildFile; fileRef = CAC685FD23CCF67300B882D2 /* Assets.swift */; };
		CAC6860023CD18C100B882D2 /* Metrics.swift in Sources */ = {isa = PBXBuildFile; fileRef = CAC685FF23CD18C100B882D2 /* Metrics.swift */; };
		CAC6860623CD228A00B882D2 /* EdgeInsets+Extensions.swift in Sources */ = {isa = PBXBuildFile; fileRef = CAC6860523CD228A00B882D2 /* EdgeInsets+Extensions.swift */; };
		CAC6860E23CD236D00B882D2 /* Match.swift in Sources */ = {isa = PBXBuildFile; fileRef = CAC6860D23CD236D00B882D2 /* Match.swift */; };
		CAC6861023CE3F3700B882D2 /* HostingController.swift in Sources */ = {isa = PBXBuildFile; fileRef = CAC6860F23CE3F3700B882D2 /* HostingController.swift */; };
		CAC6861323CE440A00B882D2 /* HiveAPI.swift in Sources */ = {isa = PBXBuildFile; fileRef = CAC6861223CE440A00B882D2 /* HiveAPI.swift */; };
		CAC6861823CE4E6800B882D2 /* LobbyRow.swift in Sources */ = {isa = PBXBuildFile; fileRef = CAC6861723CE4E6800B882D2 /* LobbyRow.swift */; };
		CAC6861A23CE615800B882D2 /* ImageLoader.swift in Sources */ = {isa = PBXBuildFile; fileRef = CAC6861923CE615800B882D2 /* ImageLoader.swift */; };
		CAC6861F23CE6BDC00B882D2 /* RemoteImage.swift in Sources */ = {isa = PBXBuildFile; fileRef = CAC6861E23CE6BDC00B882D2 /* RemoteImage.swift */; };
		CAC730E924696F1C004DB450 /* HistoryRow.swift in Sources */ = {isa = PBXBuildFile; fileRef = CAC730E824696F1C004DB450 /* HistoryRow.swift */; };
		CAC730EB246979C5004DB450 /* Date+Extensions.swift in Sources */ = {isa = PBXBuildFile; fileRef = CAC730EA246979C5004DB450 /* Date+Extensions.swift */; };
		CAC730F7246BDF26004DB450 /* SettingsList.swift in Sources */ = {isa = PBXBuildFile; fileRef = CAC730F6246BDF26004DB450 /* SettingsList.swift */; };
		CAC730F9246C98BB004DB450 /* GameContentCoordinatorView.swift in Sources */ = {isa = PBXBuildFile; fileRef = CAC730F8246C98BB004DB450 /* GameContentCoordinatorView.swift */; };
		CAC730FC246DCE5B004DB450 /* LoginSignupFormViewModel.swift in Sources */ = {isa = PBXBuildFile; fileRef = CAC730FB246DCE5B004DB450 /* LoginSignupFormViewModel.swift */; };
		CAC730FF246DF74E004DB450 /* ProfileViewModel.swift in Sources */ = {isa = PBXBuildFile; fileRef = CAC730FE246DF74E004DB450 /* ProfileViewModel.swift */; };
		CAC73101246DFA6C004DB450 /* ContentViewViewModel.swift in Sources */ = {isa = PBXBuildFile; fileRef = CAC73100246DFA6C004DB450 /* ContentViewViewModel.swift */; };
		CAC73104246DFED5004DB450 /* MatchHistoryListViewModel.swift in Sources */ = {isa = PBXBuildFile; fileRef = CAC73103246DFED5004DB450 /* MatchHistoryListViewModel.swift */; };
		CAC73107246E01CB004DB450 /* LobbyListViewModel.swift in Sources */ = {isa = PBXBuildFile; fileRef = CAC73106246E01CB004DB450 /* LobbyListViewModel.swift */; };
		CAC73109246E0505004DB450 /* OnlineRoomViewModel.swift in Sources */ = {isa = PBXBuildFile; fileRef = CAC73108246E0505004DB450 /* OnlineRoomViewModel.swift */; };
		CAD32BF52493070A00984610 /* RoomDetailsView.swift in Sources */ = {isa = PBXBuildFile; fileRef = CAD32BF42493070A00984610 /* RoomDetailsView.swift */; };
		CAD32BF72493103200984610 /* LocalRoomView.swift in Sources */ = {isa = PBXBuildFile; fileRef = CAD32BF62493103200984610 /* LocalRoomView.swift */; };
		CAD32BF92493130000984610 /* LocalRoomViewModel.swift in Sources */ = {isa = PBXBuildFile; fileRef = CAD32BF82493130000984610 /* LocalRoomViewModel.swift */; };
		CAD75155242F5ECA0054B164 /* SwiftyMarkdown in Frameworks */ = {isa = PBXBuildFile; productRef = CAD75154242F5ECA0054B164 /* SwiftyMarkdown */; };
		CAD7515924301A390054B164 /* RuleList.swift in Sources */ = {isa = PBXBuildFile; fileRef = CAD7515824301A390054B164 /* RuleList.swift */; };
		CAEA8B9D2615459A00A115BE /* AppStoreSnapshotTests.swift in Sources */ = {isa = PBXBuildFile; fileRef = CAEA8B9C2615459A00A115BE /* AppStoreSnapshotTests.swift */; };
		CAEA8BC72615556200A115BE /* SnapshotHelper.swift in Sources */ = {isa = PBXBuildFile; fileRef = CAEA8BC62615556200A115BE /* SnapshotHelper.swift */; };
		CAEBA7CF24BA01200051100D /* PlayerHandView.swift in Sources */ = {isa = PBXBuildFile; fileRef = CAEBA7CE24BA01200051100D /* PlayerHandView.swift */; };
		CAF155C62536952C00305CBE /* AppStateChangeListener.swift in Sources */ = {isa = PBXBuildFile; fileRef = CAF155C52536952C00305CBE /* AppStateChangeListener.swift */; };
		CAF710922597E47900659BF1 /* ProfileUpdateForm.swift in Sources */ = {isa = PBXBuildFile; fileRef = CAF710912597E47900659BF1 /* ProfileUpdateForm.swift */; };
		CAF710952597FEC700659BF1 /* ProfileUpdateFormViewModel.swift in Sources */ = {isa = PBXBuildFile; fileRef = CAF710942597FEC700659BF1 /* ProfileUpdateFormViewModel.swift */; };
		CAF75559256B2CAF00BEC0DE /* AppInfo.swift in Sources */ = {isa = PBXBuildFile; fileRef = CAF75558256B2CAF00BEC0DE /* AppInfo.swift */; };
		CAF82556245C6B030064359E /* AppState.swift in Sources */ = {isa = PBXBuildFile; fileRef = CAF82555245C6B030064359E /* AppState.swift */; };
		CAF8255E245C75C50064359E /* AppContainer.swift in Sources */ = {isa = PBXBuildFile; fileRef = CAF8255D245C75C50064359E /* AppContainer.swift */; };
		CAF82560245C76EA0064359E /* Interactors.swift in Sources */ = {isa = PBXBuildFile; fileRef = CAF8255F245C76EA0064359E /* Interactors.swift */; };
		CAF82565245C78060064359E /* AccountInteractor.swift in Sources */ = {isa = PBXBuildFile; fileRef = CAF82564245C78060064359E /* AccountInteractor.swift */; };
		CAF82568245C7A1D0064359E /* AccountRepository.swift in Sources */ = {isa = PBXBuildFile; fileRef = CAF82567245C7A1D0064359E /* AccountRepository.swift */; };
		CAF8256C245C87340064359E /* Publisher+Extensions.swift in Sources */ = {isa = PBXBuildFile; fileRef = CAF8256B245C87340064359E /* Publisher+Extensions.swift */; };
		CAF8256E245CD14D0064359E /* ContentView.swift in Sources */ = {isa = PBXBuildFile; fileRef = CAF8256D245CD14D0064359E /* ContentView.swift */; };
		CAF82570245D59730064359E /* AppEnvironment.swift in Sources */ = {isa = PBXBuildFile; fileRef = CAF8256F245D59730064359E /* AppEnvironment.swift */; };
		CAFA466D23D24BE7003C38AB /* Loaf in Frameworks */ = {isa = PBXBuildFile; productRef = CAFA466C23D24BE7003C38AB /* Loaf */; };
		CAFA467423D8B3B1003C38AB /* Game.swift in Sources */ = {isa = PBXBuildFile; fileRef = CAFA467323D8B3B1003C38AB /* Game.swift */; };
		CAFA467623D8BCEF003C38AB /* GameViewARController.swift in Sources */ = {isa = PBXBuildFile; fileRef = CAFA467523D8BCEF003C38AB /* GameViewARController.swift */; };
		CAFA469A23DAD13B003C38AB /* GameViewModel.swift in Sources */ = {isa = PBXBuildFile; fileRef = CAFA469923DAD13B003C38AB /* GameViewModel.swift */; };
		CAFA469C23DAD215003C38AB /* GameHUD.swift in Sources */ = {isa = PBXBuildFile; fileRef = CAFA469B23DAD215003C38AB /* GameHUD.swift */; };
		CAFA469E23DAD254003C38AB /* UIView+Extensions.swift in Sources */ = {isa = PBXBuildFile; fileRef = CAFA469D23DAD254003C38AB /* UIView+Extensions.swift */; };
		CAFA91F223E77B290087F1F0 /* GameState+AR.swift in Sources */ = {isa = PBXBuildFile; fileRef = CAFA91F123E77B290087F1F0 /* GameState+AR.swift */; };
		CAFA91FA23EA1B410087F1F0 /* String+Extensions.swift in Sources */ = {isa = PBXBuildFile; fileRef = CAFA91F923EA1B410087F1F0 /* String+Extensions.swift */; };
		CAFC7A62245C527400747E82 /* RootTabView.swift in Sources */ = {isa = PBXBuildFile; fileRef = CAFC7A61245C527400747E82 /* RootTabView.swift */; };
		CAFC7A65245C54EE00747E82 /* ProfileView.swift in Sources */ = {isa = PBXBuildFile; fileRef = CAFC7A64245C54EE00747E82 /* ProfileView.swift */; };
/* End PBXBuildFile section */

/* Begin PBXContainerItemProxy section */
		CA4F1B50262B287D002C4DC1 /* PBXContainerItemProxy */ = {
			isa = PBXContainerItemProxy;
			containerPortal = CA7299982393156100AD1285 /* Project object */;
			proxyType = 1;
			remoteGlobalIDString = CA4F1B4D262B287D002C4DC1;
			remoteInfo = "Hive Mobile Mini Extension";
		};
		CA4F1B5F262B287F002C4DC1 /* PBXContainerItemProxy */ = {
			isa = PBXContainerItemProxy;
			containerPortal = CA7299982393156100AD1285 /* Project object */;
			proxyType = 1;
			remoteGlobalIDString = CA4F1B44262B287B002C4DC1;
			remoteInfo = "Hive Mobile Mini";
		};
		CAEA8B9F2615459A00A115BE /* PBXContainerItemProxy */ = {
			isa = PBXContainerItemProxy;
			containerPortal = CA7299982393156100AD1285 /* Project object */;
			proxyType = 1;
			remoteGlobalIDString = CA72999F2393156100AD1285;
			remoteInfo = "Hive-for-iOS";
		};
/* End PBXContainerItemProxy section */

/* Begin PBXCopyFilesBuildPhase section */
		CA4F1B62262B287F002C4DC1 /* Embed Watch Content */ = {
			isa = PBXCopyFilesBuildPhase;
			buildActionMask = 2147483647;
			dstPath = "$(CONTENTS_FOLDER_PATH)/Watch";
			dstSubfolderSpec = 16;
			files = (
				CA4F1B61262B287F002C4DC1 /* Hive-for-watchOS.app in Embed Watch Content */,
			);
			name = "Embed Watch Content";
			runOnlyForDeploymentPostprocessing = 0;
		};
		CA4F1B65262B287F002C4DC1 /* Embed App Extensions */ = {
			isa = PBXCopyFilesBuildPhase;
			buildActionMask = 2147483647;
			dstPath = "";
			dstSubfolderSpec = 13;
			files = (
				CA4F1B4F262B287D002C4DC1 /* Hive-for-watchOS-Extension.appex in Embed App Extensions */,
			);
			name = "Embed App Extensions";
			runOnlyForDeploymentPostprocessing = 0;
		};
/* End PBXCopyFilesBuildPhase section */

/* Begin PBXFileReference section */
		CA0523EF23E57813008F8A94 /* GameViewContent.swift */ = {isa = PBXFileReference; lastKnownFileType = sourcecode.swift; path = GameViewContent.swift; sourceTree = "<group>"; };
		CA0939CF24B6B0E700488713 /* Array+Extensions.swift */ = {isa = PBXFileReference; lastKnownFileType = sourcecode.swift; path = "Array+Extensions.swift"; sourceTree = "<group>"; };
		CA0C77E325295BAF00C9AA89 /* EmojiHUD.swift */ = {isa = PBXFileReference; lastKnownFileType = sourcecode.swift; path = EmojiHUD.swift; sourceTree = "<group>"; };
		CA0F938E2422C80800F6E104 /* DebugOverlay.swift */ = {isa = PBXFileReference; lastKnownFileType = sourcecode.swift; path = DebugOverlay.swift; sourceTree = "<group>"; };
		CA0F93932426003800F6E104 /* GameView2DController.swift */ = {isa = PBXFileReference; lastKnownFileType = sourcecode.swift; path = GameView2DController.swift; sourceTree = "<group>"; };
		CA0F9395242602BA00F6E104 /* GameView2D.swift */ = {isa = PBXFileReference; lastKnownFileType = sourcecode.swift; path = GameView2D.swift; sourceTree = "<group>"; };
		CA0F939724264CB700F6E104 /* SpriteManager.swift */ = {isa = PBXFileReference; lastKnownFileType = sourcecode.swift; path = SpriteManager.swift; sourceTree = "<group>"; };
		CA0F939924264DE400F6E104 /* GameState+2D.swift */ = {isa = PBXFileReference; lastKnownFileType = sourcecode.swift; path = "GameState+2D.swift"; sourceTree = "<group>"; };
		CA0F93A02427DCE600F6E104 /* CoreGraphics+Extensions.swift */ = {isa = PBXFileReference; lastKnownFileType = sourcecode.swift; path = "CoreGraphics+Extensions.swift"; sourceTree = "<group>"; };
		CA0F93A22427E83500F6E104 /* SKView+Extensions.swift */ = {isa = PBXFileReference; lastKnownFileType = sourcecode.swift; path = "SKView+Extensions.swift"; sourceTree = "<group>"; };
		CA0F93A42428AEE200F6E104 /* DebugSprite.swift */ = {isa = PBXFileReference; lastKnownFileType = sourcecode.swift; path = DebugSprite.swift; sourceTree = "<group>"; };
		CA1BDD8C2570B00400A16D26 /* SectionHeader.swift */ = {isa = PBXFileReference; lastKnownFileType = sourcecode.swift; path = SectionHeader.swift; sourceTree = "<group>"; };
		CA1BDD912570C35200A16D26 /* LoadingView.swift */ = {isa = PBXFileReference; lastKnownFileType = sourcecode.swift; path = LoadingView.swift; sourceTree = "<group>"; };
		CA1BDD942570C60300A16D26 /* ThemeNavigationLink.swift */ = {isa = PBXFileReference; lastKnownFileType = sourcecode.swift; path = ThemeNavigationLink.swift; sourceTree = "<group>"; };
		CA22022B243F800D005367B6 /* LoadingHUD.swift */ = {isa = PBXFileReference; lastKnownFileType = sourcecode.swift; path = LoadingHUD.swift; sourceTree = "<group>"; };
		CA238A5E25983A7100EFD721 /* ModalView.swift */ = {isa = PBXFileReference; lastKnownFileType = sourcecode.swift; path = ModalView.swift; sourceTree = "<group>"; };
		CA238A612598F72300EFD721 /* HiveAPI+Endpoint.swift */ = {isa = PBXFileReference; lastKnownFileType = sourcecode.swift; path = "HiveAPI+Endpoint.swift"; sourceTree = "<group>"; };
		CA238A652598F90F00EFD721 /* HiveAPI+Error.swift */ = {isa = PBXFileReference; lastKnownFileType = sourcecode.swift; path = "HiveAPI+Error.swift"; sourceTree = "<group>"; };
		CA286D07247140A80044BAAE /* SettingsListViewModel.swift */ = {isa = PBXFileReference; lastKnownFileType = sourcecode.swift; path = SettingsListViewModel.swift; sourceTree = "<group>"; };
		CA286D092471E84B0044BAAE /* Preferences.swift */ = {isa = PBXFileReference; lastKnownFileType = sourcecode.swift; path = Preferences.swift; sourceTree = "<group>"; };
		CA41ACAB2454A30B00B6F88E /* Toaster.swift */ = {isa = PBXFileReference; lastKnownFileType = sourcecode.swift; path = Toaster.swift; sourceTree = "<group>"; };
		CA45F9B9242B7C4C007EC94D /* EventHUD.swift */ = {isa = PBXFileReference; lastKnownFileType = sourcecode.swift; path = EventHUD.swift; sourceTree = "<group>"; };
		CA45F9BB242B85C2007EC94D /* GameEvent.swift */ = {isa = PBXFileReference; lastKnownFileType = sourcecode.swift; path = GameEvent.swift; sourceTree = "<group>"; };
		CA45F9BF242E4857007EC94D /* PieceStack.swift */ = {isa = PBXFileReference; lastKnownFileType = sourcecode.swift; path = PieceStack.swift; sourceTree = "<group>"; };
		CA45F9C1242E6119007EC94D /* PieceClassDetails.swift */ = {isa = PBXFileReference; lastKnownFileType = sourcecode.swift; path = PieceClassDetails.swift; sourceTree = "<group>"; };
		CA45F9C3242E758C007EC94D /* GameRule.swift */ = {isa = PBXFileReference; lastKnownFileType = sourcecode.swift; path = GameRule.swift; sourceTree = "<group>"; };
		CA45F9C5242E9F7A007EC94D /* Markdown.swift */ = {isa = PBXFileReference; lastKnownFileType = sourcecode.swift; path = Markdown.swift; sourceTree = "<group>"; };
		CA4F1B45262B287B002C4DC1 /* Hive-for-watchOS.app */ = {isa = PBXFileReference; explicitFileType = wrapper.application; includeInIndex = 0; path = "Hive-for-watchOS.app"; sourceTree = BUILT_PRODUCTS_DIR; };
		CA4F1B49262B287D002C4DC1 /* Info.plist */ = {isa = PBXFileReference; lastKnownFileType = text.plist.xml; path = Info.plist; sourceTree = "<group>"; };
		CA4F1B4E262B287D002C4DC1 /* Hive-for-watchOS-Extension.appex */ = {isa = PBXFileReference; explicitFileType = "wrapper.app-extension"; includeInIndex = 0; path = "Hive-for-watchOS-Extension.appex"; sourceTree = BUILT_PRODUCTS_DIR; };
		CA4F1B53262B287D002C4DC1 /* ContentView.swift */ = {isa = PBXFileReference; lastKnownFileType = sourcecode.swift; path = ContentView.swift; sourceTree = "<group>"; };
		CA4F1B55262B287D002C4DC1 /* HiveWatchApp.swift */ = {isa = PBXFileReference; lastKnownFileType = sourcecode.swift; path = HiveWatchApp.swift; sourceTree = "<group>"; };
		CA4F1B57262B287D002C4DC1 /* ComplicationController.swift */ = {isa = PBXFileReference; lastKnownFileType = sourcecode.swift; path = ComplicationController.swift; sourceTree = "<group>"; };
		CA4F1B59262B287F002C4DC1 /* Assets.xcassets */ = {isa = PBXFileReference; lastKnownFileType = folder.assetcatalog; path = Assets.xcassets; sourceTree = "<group>"; };
		CA4F1B5C262B287F002C4DC1 /* Preview Assets.xcassets */ = {isa = PBXFileReference; lastKnownFileType = folder.assetcatalog; path = "Preview Assets.xcassets"; sourceTree = "<group>"; };
		CA4F1B5E262B287F002C4DC1 /* Info.plist */ = {isa = PBXFileReference; lastKnownFileType = text.plist.xml; path = Info.plist; sourceTree = "<group>"; };
		CA4F1B6E262B289B002C4DC1 /* Watch.xcconfig */ = {isa = PBXFileReference; lastKnownFileType = text.xcconfig; path = Watch.xcconfig; sourceTree = "<group>"; };
		CA4F1B6F262B289B002C4DC1 /* WatchExtension.xcconfig */ = {isa = PBXFileReference; lastKnownFileType = text.xcconfig; path = WatchExtension.xcconfig; sourceTree = "<group>"; };
		CA4F1B92262B2B84002C4DC1 /* Assets.xcassets */ = {isa = PBXFileReference; lastKnownFileType = folder.assetcatalog; path = Assets.xcassets; sourceTree = "<group>"; };
		CA5C82E5253E715E008D47B5 /* SearchBar.swift */ = {isa = PBXFileReference; lastKnownFileType = sourcecode.swift; path = SearchBar.swift; sourceTree = "<group>"; };
		CA5C82E8254053D9008D47B5 /* ProfileListView.swift */ = {isa = PBXFileReference; lastKnownFileType = sourcecode.swift; path = ProfileListView.swift; sourceTree = "<group>"; };
		CA5C82EC254053FD008D47B5 /* ProfileListViewModel.swift */ = {isa = PBXFileReference; lastKnownFileType = sourcecode.swift; path = ProfileListViewModel.swift; sourceTree = "<group>"; };
		CA6C952724EF486300F58289 /* SpectatorRoomView.swift */ = {isa = PBXFileReference; lastKnownFileType = sourcecode.swift; path = SpectatorRoomView.swift; sourceTree = "<group>"; };
		CA6C952B24EF5B0600F58289 /* SpectatorRoomViewModel.swift */ = {isa = PBXFileReference; lastKnownFileType = sourcecode.swift; path = SpectatorRoomViewModel.swift; sourceTree = "<group>"; };
		CA6CC92824A9579700E8CB27 /* LocalOpponentPicker.swift */ = {isa = PBXFileReference; lastKnownFileType = sourcecode.swift; path = LocalOpponentPicker.swift; sourceTree = "<group>"; };
		CA6CC92A24A96D8700E8CB27 /* BasicButton.swift */ = {isa = PBXFileReference; lastKnownFileType = sourcecode.swift; path = BasicButton.swift; sourceTree = "<group>"; };
		CA7299A02393156100AD1285 /* Hive Mobile.app */ = {isa = PBXFileReference; explicitFileType = wrapper.application; includeInIndex = 0; path = "Hive Mobile.app"; sourceTree = BUILT_PRODUCTS_DIR; };
		CA7299A32393156100AD1285 /* AppDelegate.swift */ = {isa = PBXFileReference; lastKnownFileType = sourcecode.swift; path = AppDelegate.swift; sourceTree = "<group>"; };
		CA7299A92393156400AD1285 /* Assets.xcassets */ = {isa = PBXFileReference; lastKnownFileType = folder.assetcatalog; path = Assets.xcassets; sourceTree = "<group>"; };
		CA7299AC2393156400AD1285 /* Preview Assets.xcassets */ = {isa = PBXFileReference; lastKnownFileType = folder.assetcatalog; path = "Preview Assets.xcassets"; sourceTree = "<group>"; };
		CA7299AF2393156400AD1285 /* Base */ = {isa = PBXFileReference; lastKnownFileType = file.storyboard; name = Base; path = Base.lproj/LaunchScreen.storyboard; sourceTree = "<group>"; };
		CA7299B12393156400AD1285 /* Info.plist */ = {isa = PBXFileReference; lastKnownFileType = text.plist.xml; path = Info.plist; sourceTree = "<group>"; };
		CA752600262CD7A7006317A5 /* Logger.swift */ = {isa = PBXFileReference; lastKnownFileType = sourcecode.swift; path = Logger.swift; sourceTree = "<group>"; };
		CA75261A262CDEAF006317A5 /* LoadableSubject.swift */ = {isa = PBXFileReference; lastKnownFileType = sourcecode.swift; path = LoadableSubject.swift; sourceTree = "<group>"; };
		CA75CA71256B852900F02928 /* AppVersionUnsupportedView.swift */ = {isa = PBXFileReference; lastKnownFileType = sourcecode.swift; path = AppVersionUnsupportedView.swift; sourceTree = "<group>"; };
		CA75CA75256BFD4700F02928 /* Dependencies.plist */ = {isa = PBXFileReference; lastKnownFileType = text.plist.xml; path = Dependencies.plist; sourceTree = "<group>"; };
		CA75CE42242A98D200998719 /* LoafState.swift */ = {isa = PBXFileReference; lastKnownFileType = sourcecode.swift; path = LoafState.swift; sourceTree = "<group>"; };
		CA75CE44242AB65300998719 /* GameViewAR.swift */ = {isa = PBXFileReference; lastKnownFileType = sourcecode.swift; path = GameViewAR.swift; sourceTree = "<group>"; };
		CA797F60246868000011E7D1 /* MatchHistoryList.swift */ = {isa = PBXFileReference; lastKnownFileType = sourcecode.swift; path = MatchHistoryList.swift; sourceTree = "<group>"; };
		CA797F62246892AC0011E7D1 /* EmptyState.swift */ = {isa = PBXFileReference; lastKnownFileType = sourcecode.swift; path = EmptyState.swift; sourceTree = "<group>"; };
		CA797F64246930BB0011E7D1 /* UserRepository.swift */ = {isa = PBXFileReference; lastKnownFileType = sourcecode.swift; path = UserRepository.swift; sourceTree = "<group>"; };
		CA797F66246930C80011E7D1 /* UserInteractor.swift */ = {isa = PBXFileReference; lastKnownFileType = sourcecode.swift; path = UserInteractor.swift; sourceTree = "<group>"; };
		CA82FA3625968CAB003DA809 /* View+Extensions.swift */ = {isa = PBXFileReference; lastKnownFileType = sourcecode.swift; path = "View+Extensions.swift"; sourceTree = "<group>"; };
		CA82FA3A2597A813003DA809 /* User+Update.swift */ = {isa = PBXFileReference; lastKnownFileType = sourcecode.swift; path = "User+Update.swift"; sourceTree = "<group>"; };
		CA88B80B244D89B600C4A276 /* Store.swift */ = {isa = PBXFileReference; lastKnownFileType = sourcecode.swift; path = Store.swift; sourceTree = "<group>"; };
		CA8F46DC245DD27600B136D0 /* LoginSignupForm.swift */ = {isa = PBXFileReference; lastKnownFileType = sourcecode.swift; path = LoginSignupForm.swift; sourceTree = "<group>"; };
		CA8F46E0245EBD0D00B136D0 /* LobbyList.swift */ = {isa = PBXFileReference; lastKnownFileType = sourcecode.swift; path = LobbyList.swift; sourceTree = "<group>"; };
		CA8F46E4245EC35800B136D0 /* MatchInteractor.swift */ = {isa = PBXFileReference; lastKnownFileType = sourcecode.swift; path = MatchInteractor.swift; sourceTree = "<group>"; };
		CA8F46E6245EC36200B136D0 /* MatchRepository.swift */ = {isa = PBXFileReference; lastKnownFileType = sourcecode.swift; path = MatchRepository.swift; sourceTree = "<group>"; };
		CA8F46E8245F3D4500B136D0 /* OnlineRoomView.swift */ = {isa = PBXFileReference; lastKnownFileType = sourcecode.swift; path = OnlineRoomView.swift; sourceTree = "<group>"; };
		CA90799B24B2931700B30CF6 /* GameSettings.swift */ = {isa = PBXFileReference; lastKnownFileType = sourcecode.swift; path = GameSettings.swift; sourceTree = "<group>"; };
		CA9079A324B540EC00B30CF6 /* AttributionsList.swift */ = {isa = PBXFileReference; lastKnownFileType = sourcecode.swift; path = AttributionsList.swift; sourceTree = "<group>"; };
		CA91C32124350CEA007E7D55 /* User+LoginSignup.swift */ = {isa = PBXFileReference; lastKnownFileType = sourcecode.swift; path = "User+LoginSignup.swift"; sourceTree = "<group>"; };
		CA92525024B6A83D003DB4F2 /* Emoji.swift */ = {isa = PBXFileReference; lastKnownFileType = sourcecode.swift; path = Emoji.swift; sourceTree = "<group>"; };
		CA9DFA0424F36A650045DA26 /* SpectatorGameViewModel.swift */ = {isa = PBXFileReference; lastKnownFileType = sourcecode.swift; path = SpectatorGameViewModel.swift; sourceTree = "<group>"; };
		CA9DFA0624F421BB0045DA26 /* PlayerGameViewModel.swift */ = {isa = PBXFileReference; lastKnownFileType = sourcecode.swift; path = PlayerGameViewModel.swift; sourceTree = "<group>"; };
		CAA78AD0257DC9D200246CCD /* Tooltip.swift */ = {isa = PBXFileReference; lastKnownFileType = sourcecode.swift; path = Tooltip.swift; sourceTree = "<group>"; };
		CAA78AD3257F3DC400246CCD /* Confetti.swift */ = {isa = PBXFileReference; lastKnownFileType = sourcecode.swift; path = Confetti.swift; sourceTree = "<group>"; };
		CAA78AD7257F4A9C00246CCD /* Balloon.swift */ = {isa = PBXFileReference; lastKnownFileType = sourcecode.swift; path = Balloon.swift; sourceTree = "<group>"; };
		CAA78AE0257F527000246CCD /* AnimateableEmoji.swift */ = {isa = PBXFileReference; lastKnownFileType = sourcecode.swift; path = AnimateableEmoji.swift; sourceTree = "<group>"; };
		CAA87BC024328F53006E418B /* User.swift */ = {isa = PBXFileReference; lastKnownFileType = sourcecode.swift; path = User.swift; sourceTree = "<group>"; };
		CAAB6FB824766A4600A698F9 /* BetterTabBar.swift */ = {isa = PBXFileReference; lastKnownFileType = sourcecode.swift; path = BetterTabBar.swift; sourceTree = "<group>"; };
		CAB43EEB262CBE3100687D64 /* HiveFoundation */ = {isa = PBXFileReference; lastKnownFileType = folder; path = HiveFoundation; sourceTree = "<group>"; };
		CABDFCD123DB7FBC00C697AD /* Theme.swift */ = {isa = PBXFileReference; lastKnownFileType = sourcecode.swift; path = Theme.swift; sourceTree = "<group>"; };
		CABDFCD823DB89AA00C697AD /* WelcomeView.swift */ = {isa = PBXFileReference; lastKnownFileType = sourcecode.swift; path = WelcomeView.swift; sourceTree = "<group>"; };
		CABDFCDD23DBA17200C697AD /* BottomSheet.swift */ = {isa = PBXFileReference; lastKnownFileType = sourcecode.swift; path = BottomSheet.swift; sourceTree = "<group>"; };
		CABDFCE023DBAC5700C697AD /* GameInformation.swift */ = {isa = PBXFileReference; lastKnownFileType = sourcecode.swift; path = GameInformation.swift; sourceTree = "<group>"; };
		CABDFD0523DCA73500C697AD /* HexImage.swift */ = {isa = PBXFileReference; lastKnownFileType = sourcecode.swift; path = HexImage.swift; sourceTree = "<group>"; };
		CABDFD0723DD9FE300C697AD /* UserPreview.swift */ = {isa = PBXFileReference; lastKnownFileType = sourcecode.swift; path = UserPreview.swift; sourceTree = "<group>"; };
		CABDFD0923DDAB4C00C697AD /* GameState+Extensions.swift */ = {isa = PBXFileReference; lastKnownFileType = sourcecode.swift; path = "GameState+Extensions.swift"; sourceTree = "<group>"; };
		CABDFD0D23DF8B4000C697AD /* Experience+Extensions.swift */ = {isa = PBXFileReference; lastKnownFileType = sourcecode.swift; path = "Experience+Extensions.swift"; sourceTree = "<group>"; };
		CABDFD1123E0C97000C697AD /* InformationHUD.swift */ = {isa = PBXFileReference; lastKnownFileType = sourcecode.swift; path = InformationHUD.swift; sourceTree = "<group>"; };
		CAC51C9725253700004C1866 /* App.xcconfig */ = {isa = PBXFileReference; lastKnownFileType = text.xcconfig; path = App.xcconfig; sourceTree = "<group>"; };
		CAC51C9825254109004C1866 /* Project.xcconfig */ = {isa = PBXFileReference; lastKnownFileType = text.xcconfig; path = Project.xcconfig; sourceTree = "<group>"; };
		CAC51C99252541ED004C1866 /* Version.xcconfig */ = {isa = PBXFileReference; lastKnownFileType = text.xcconfig; path = Version.xcconfig; sourceTree = "<group>"; };
		CAC51C9A25254279004C1866 /* Shared.xcconfig */ = {isa = PBXFileReference; lastKnownFileType = text.xcconfig; path = Shared.xcconfig; sourceTree = "<group>"; };
		CAC650AB2461FC1900835209 /* ClientInteractor.swift */ = {isa = PBXFileReference; lastKnownFileType = sourcecode.swift; path = ClientInteractor.swift; sourceTree = "<group>"; };
		CAC685FD23CCF67300B882D2 /* Assets.swift */ = {isa = PBXFileReference; lastKnownFileType = sourcecode.swift; path = Assets.swift; sourceTree = "<group>"; };
		CAC685FF23CD18C100B882D2 /* Metrics.swift */ = {isa = PBXFileReference; lastKnownFileType = sourcecode.swift; path = Metrics.swift; sourceTree = "<group>"; };
		CAC6860523CD228A00B882D2 /* EdgeInsets+Extensions.swift */ = {isa = PBXFileReference; lastKnownFileType = sourcecode.swift; path = "EdgeInsets+Extensions.swift"; sourceTree = "<group>"; };
		CAC6860D23CD236D00B882D2 /* Match.swift */ = {isa = PBXFileReference; lastKnownFileType = sourcecode.swift; path = Match.swift; sourceTree = "<group>"; };
		CAC6860F23CE3F3700B882D2 /* HostingController.swift */ = {isa = PBXFileReference; lastKnownFileType = sourcecode.swift; path = HostingController.swift; sourceTree = "<group>"; };
		CAC6861223CE440A00B882D2 /* HiveAPI.swift */ = {isa = PBXFileReference; lastKnownFileType = sourcecode.swift; path = HiveAPI.swift; sourceTree = "<group>"; };
		CAC6861723CE4E6800B882D2 /* LobbyRow.swift */ = {isa = PBXFileReference; lastKnownFileType = sourcecode.swift; path = LobbyRow.swift; sourceTree = "<group>"; };
		CAC6861923CE615800B882D2 /* ImageLoader.swift */ = {isa = PBXFileReference; lastKnownFileType = sourcecode.swift; path = ImageLoader.swift; sourceTree = "<group>"; };
		CAC6861E23CE6BDC00B882D2 /* RemoteImage.swift */ = {isa = PBXFileReference; lastKnownFileType = sourcecode.swift; path = RemoteImage.swift; sourceTree = "<group>"; };
		CAC730E824696F1C004DB450 /* HistoryRow.swift */ = {isa = PBXFileReference; lastKnownFileType = sourcecode.swift; path = HistoryRow.swift; sourceTree = "<group>"; };
		CAC730EA246979C5004DB450 /* Date+Extensions.swift */ = {isa = PBXFileReference; lastKnownFileType = sourcecode.swift; path = "Date+Extensions.swift"; sourceTree = "<group>"; };
		CAC730F6246BDF26004DB450 /* SettingsList.swift */ = {isa = PBXFileReference; lastKnownFileType = sourcecode.swift; path = SettingsList.swift; sourceTree = "<group>"; };
		CAC730F8246C98BB004DB450 /* GameContentCoordinatorView.swift */ = {isa = PBXFileReference; lastKnownFileType = sourcecode.swift; path = GameContentCoordinatorView.swift; sourceTree = "<group>"; };
		CAC730FB246DCE5B004DB450 /* LoginSignupFormViewModel.swift */ = {isa = PBXFileReference; lastKnownFileType = sourcecode.swift; path = LoginSignupFormViewModel.swift; sourceTree = "<group>"; };
		CAC730FE246DF74E004DB450 /* ProfileViewModel.swift */ = {isa = PBXFileReference; lastKnownFileType = sourcecode.swift; path = ProfileViewModel.swift; sourceTree = "<group>"; };
		CAC73100246DFA6C004DB450 /* ContentViewViewModel.swift */ = {isa = PBXFileReference; lastKnownFileType = sourcecode.swift; path = ContentViewViewModel.swift; sourceTree = "<group>"; };
		CAC73103246DFED5004DB450 /* MatchHistoryListViewModel.swift */ = {isa = PBXFileReference; lastKnownFileType = sourcecode.swift; path = MatchHistoryListViewModel.swift; sourceTree = "<group>"; };
		CAC73106246E01CB004DB450 /* LobbyListViewModel.swift */ = {isa = PBXFileReference; lastKnownFileType = sourcecode.swift; path = LobbyListViewModel.swift; sourceTree = "<group>"; };
		CAC73108246E0505004DB450 /* OnlineRoomViewModel.swift */ = {isa = PBXFileReference; lastKnownFileType = sourcecode.swift; path = OnlineRoomViewModel.swift; sourceTree = "<group>"; };
		CAD32BF42493070A00984610 /* RoomDetailsView.swift */ = {isa = PBXFileReference; lastKnownFileType = sourcecode.swift; path = RoomDetailsView.swift; sourceTree = "<group>"; };
		CAD32BF62493103200984610 /* LocalRoomView.swift */ = {isa = PBXFileReference; lastKnownFileType = sourcecode.swift; path = LocalRoomView.swift; sourceTree = "<group>"; };
		CAD32BF82493130000984610 /* LocalRoomViewModel.swift */ = {isa = PBXFileReference; lastKnownFileType = sourcecode.swift; path = LocalRoomViewModel.swift; sourceTree = "<group>"; };
		CAD7515824301A390054B164 /* RuleList.swift */ = {isa = PBXFileReference; lastKnownFileType = sourcecode.swift; path = RuleList.swift; sourceTree = "<group>"; };
		CAEA8B9A2615459A00A115BE /* HiveUITests.xctest */ = {isa = PBXFileReference; explicitFileType = wrapper.cfbundle; includeInIndex = 0; path = HiveUITests.xctest; sourceTree = BUILT_PRODUCTS_DIR; };
		CAEA8B9C2615459A00A115BE /* AppStoreSnapshotTests.swift */ = {isa = PBXFileReference; lastKnownFileType = sourcecode.swift; path = AppStoreSnapshotTests.swift; sourceTree = "<group>"; };
		CAEA8B9E2615459A00A115BE /* Info.plist */ = {isa = PBXFileReference; lastKnownFileType = text.plist.xml; path = Info.plist; sourceTree = "<group>"; };
		CAEA8BA62615483900A115BE /* AppUITests.xcconfig */ = {isa = PBXFileReference; lastKnownFileType = text.xcconfig; path = AppUITests.xcconfig; sourceTree = "<group>"; };
		CAEA8BC62615556200A115BE /* SnapshotHelper.swift */ = {isa = PBXFileReference; fileEncoding = 4; lastKnownFileType = sourcecode.swift; name = SnapshotHelper.swift; path = HiveUITests/Source/SnapshotHelper.swift; sourceTree = SOURCE_ROOT; };
		CAEBA7CE24BA01200051100D /* PlayerHandView.swift */ = {isa = PBXFileReference; lastKnownFileType = sourcecode.swift; path = PlayerHandView.swift; sourceTree = "<group>"; };
		CAF155C52536952C00305CBE /* AppStateChangeListener.swift */ = {isa = PBXFileReference; lastKnownFileType = sourcecode.swift; path = AppStateChangeListener.swift; sourceTree = "<group>"; };
		CAF40D7725911CE000DCD4E5 /* Hive-for-iOS.entitlements */ = {isa = PBXFileReference; lastKnownFileType = text.plist.entitlements; path = "Hive-for-iOS.entitlements"; sourceTree = "<group>"; };
		CAF710912597E47900659BF1 /* ProfileUpdateForm.swift */ = {isa = PBXFileReference; lastKnownFileType = sourcecode.swift; path = ProfileUpdateForm.swift; sourceTree = "<group>"; };
		CAF710942597FEC700659BF1 /* ProfileUpdateFormViewModel.swift */ = {isa = PBXFileReference; lastKnownFileType = sourcecode.swift; path = ProfileUpdateFormViewModel.swift; sourceTree = "<group>"; };
		CAF75558256B2CAF00BEC0DE /* AppInfo.swift */ = {isa = PBXFileReference; lastKnownFileType = sourcecode.swift; path = AppInfo.swift; sourceTree = "<group>"; };
		CAF82555245C6B030064359E /* AppState.swift */ = {isa = PBXFileReference; lastKnownFileType = sourcecode.swift; path = AppState.swift; sourceTree = "<group>"; };
		CAF8255D245C75C50064359E /* AppContainer.swift */ = {isa = PBXFileReference; lastKnownFileType = sourcecode.swift; path = AppContainer.swift; sourceTree = "<group>"; };
		CAF8255F245C76EA0064359E /* Interactors.swift */ = {isa = PBXFileReference; lastKnownFileType = sourcecode.swift; path = Interactors.swift; sourceTree = "<group>"; };
		CAF82564245C78060064359E /* AccountInteractor.swift */ = {isa = PBXFileReference; lastKnownFileType = sourcecode.swift; path = AccountInteractor.swift; sourceTree = "<group>"; };
		CAF82567245C7A1D0064359E /* AccountRepository.swift */ = {isa = PBXFileReference; lastKnownFileType = sourcecode.swift; path = AccountRepository.swift; sourceTree = "<group>"; };
		CAF8256B245C87340064359E /* Publisher+Extensions.swift */ = {isa = PBXFileReference; lastKnownFileType = sourcecode.swift; path = "Publisher+Extensions.swift"; sourceTree = "<group>"; };
		CAF8256D245CD14D0064359E /* ContentView.swift */ = {isa = PBXFileReference; lastKnownFileType = sourcecode.swift; path = ContentView.swift; sourceTree = "<group>"; };
		CAF8256F245D59730064359E /* AppEnvironment.swift */ = {isa = PBXFileReference; lastKnownFileType = sourcecode.swift; path = AppEnvironment.swift; sourceTree = "<group>"; };
		CAFA467323D8B3B1003C38AB /* Game.swift */ = {isa = PBXFileReference; lastKnownFileType = sourcecode.swift; path = Game.swift; sourceTree = "<group>"; };
		CAFA467523D8BCEF003C38AB /* GameViewARController.swift */ = {isa = PBXFileReference; lastKnownFileType = sourcecode.swift; path = GameViewARController.swift; sourceTree = "<group>"; };
		CAFA469923DAD13B003C38AB /* GameViewModel.swift */ = {isa = PBXFileReference; lastKnownFileType = sourcecode.swift; path = GameViewModel.swift; sourceTree = "<group>"; };
		CAFA469B23DAD215003C38AB /* GameHUD.swift */ = {isa = PBXFileReference; lastKnownFileType = sourcecode.swift; path = GameHUD.swift; sourceTree = "<group>"; };
		CAFA469D23DAD254003C38AB /* UIView+Extensions.swift */ = {isa = PBXFileReference; lastKnownFileType = sourcecode.swift; path = "UIView+Extensions.swift"; sourceTree = "<group>"; };
		CAFA91F123E77B290087F1F0 /* GameState+AR.swift */ = {isa = PBXFileReference; lastKnownFileType = sourcecode.swift; path = "GameState+AR.swift"; sourceTree = "<group>"; };
		CAFA91F923EA1B410087F1F0 /* String+Extensions.swift */ = {isa = PBXFileReference; lastKnownFileType = sourcecode.swift; path = "String+Extensions.swift"; sourceTree = "<group>"; };
		CAFC7A61245C527400747E82 /* RootTabView.swift */ = {isa = PBXFileReference; lastKnownFileType = sourcecode.swift; path = RootTabView.swift; sourceTree = "<group>"; };
		CAFC7A64245C54EE00747E82 /* ProfileView.swift */ = {isa = PBXFileReference; lastKnownFileType = sourcecode.swift; path = ProfileView.swift; sourceTree = "<group>"; };
/* End PBXFileReference section */

/* Begin PBXFrameworksBuildPhase section */
		CA4F1B4B262B287D002C4DC1 /* Frameworks */ = {
			isa = PBXFrameworksBuildPhase;
			buildActionMask = 2147483647;
			files = (
				CA752625262CE2F8006317A5 /* HiveFoundation in Frameworks */,
			);
			runOnlyForDeploymentPostprocessing = 0;
		};
		CA72999D2393156100AD1285 /* Frameworks */ = {
			isa = PBXFrameworksBuildPhase;
			buildActionMask = 2147483647;
			files = (
				CA7D5E4C2433FDBF00D12A8C /* KeychainAccess in Frameworks */,
				CAFA466D23D24BE7003C38AB /* Loaf in Frameworks */,
				CA7525F3262CC392006317A5 /* HiveFoundation in Frameworks */,
				CAD75155242F5ECA0054B164 /* SwiftyMarkdown in Frameworks */,
			);
			runOnlyForDeploymentPostprocessing = 0;
		};
		CAEA8B972615459A00A115BE /* Frameworks */ = {
			isa = PBXFrameworksBuildPhase;
			buildActionMask = 2147483647;
			files = (
			);
			runOnlyForDeploymentPostprocessing = 0;
		};
/* End PBXFrameworksBuildPhase section */

/* Begin PBXGroup section */
		CA0F93922425FFF200F6E104 /* 2D */ = {
			isa = PBXGroup;
			children = (
				CA16F2AE24B2166E007969AF /* Debug */,
				CA16F2AD24B21556007969AF /* Extensions */,
				CA0F9395242602BA00F6E104 /* GameView2D.swift */,
				CA0F93932426003800F6E104 /* GameView2DController.swift */,
				CA0F939724264CB700F6E104 /* SpriteManager.swift */,
			);
			path = 2D;
			sourceTree = "<group>";
		};
		CA16F2AC24B21548007969AF /* Extensions */ = {
			isa = PBXGroup;
			children = (
				CABDFD0D23DF8B4000C697AD /* Experience+Extensions.swift */,
				CAFA91F123E77B290087F1F0 /* GameState+AR.swift */,
			);
			path = Extensions;
			sourceTree = "<group>";
		};
		CA16F2AD24B21556007969AF /* Extensions */ = {
			isa = PBXGroup;
			children = (
				CA0F939924264DE400F6E104 /* GameState+2D.swift */,
			);
			path = Extensions;
			sourceTree = "<group>";
		};
		CA16F2AE24B2166E007969AF /* Debug */ = {
			isa = PBXGroup;
			children = (
				CA0F93A42428AEE200F6E104 /* DebugSprite.swift */,
			);
			path = Debug;
			sourceTree = "<group>";
		};
		CA16F2AF24B21676007969AF /* Debug */ = {
			isa = PBXGroup;
			children = (
				CA0F938E2422C80800F6E104 /* DebugOverlay.swift */,
			);
			path = Debug;
			sourceTree = "<group>";
		};
		CA1BDD8B2570AFF600A16D26 /* List */ = {
			isa = PBXGroup;
			children = (
				CA1BDD8C2570B00400A16D26 /* SectionHeader.swift */,
				CA1BDD942570C60300A16D26 /* ThemeNavigationLink.swift */,
			);
			path = List;
			sourceTree = "<group>";
		};
		CA286D06247140950044BAAE /* ViewModel */ = {
			isa = PBXGroup;
			children = (
				CA286D07247140A80044BAAE /* SettingsListViewModel.swift */,
			);
			path = ViewModel;
			sourceTree = "<group>";
		};
		CA3B0B6A2536B04C0010109F /* ViewModifier */ = {
			isa = PBXGroup;
			children = (
				CAF155C52536952C00305CBE /* AppStateChangeListener.swift */,
			);
			path = ViewModifier;
			sourceTree = "<group>";
		};
		CA4F1B46262B287B002C4DC1 /* Hive-for-watchOS */ = {
			isa = PBXGroup;
			children = (
				CA4F1B92262B2B84002C4DC1 /* Assets.xcassets */,
				CA4F1B49262B287D002C4DC1 /* Info.plist */,
			);
			path = "Hive-for-watchOS";
			sourceTree = "<group>";
		};
		CA4F1B52262B287D002C4DC1 /* Hive-for-watchOS-Extension */ = {
			isa = PBXGroup;
			children = (
				CA4F1B78262B2907002C4DC1 /* Source */,
				CA4F1B59262B287F002C4DC1 /* Assets.xcassets */,
				CA4F1B5E262B287F002C4DC1 /* Info.plist */,
				CA4F1B5B262B287F002C4DC1 /* Preview Content */,
			);
			path = "Hive-for-watchOS-Extension";
			sourceTree = "<group>";
		};
		CA4F1B5B262B287F002C4DC1 /* Preview Content */ = {
			isa = PBXGroup;
			children = (
				CA4F1B5C262B287F002C4DC1 /* Preview Assets.xcassets */,
			);
			path = "Preview Content";
			sourceTree = "<group>";
		};
		CA4F1B78262B2907002C4DC1 /* Source */ = {
			isa = PBXGroup;
			children = (
				CA4F1B57262B287D002C4DC1 /* ComplicationController.swift */,
				CA4F1B53262B287D002C4DC1 /* ContentView.swift */,
				CA4F1B55262B287D002C4DC1 /* HiveWatchApp.swift */,
			);
			path = Source;
			sourceTree = "<group>";
		};
		CA6C952624EF484D00F58289 /* Spectating */ = {
			isa = PBXGroup;
			children = (
				CA6C952A24EF5AF800F58289 /* ViewModel */,
				CA6C952924EF486600F58289 /* View */,
			);
			path = Spectating;
			sourceTree = "<group>";
		};
		CA6C952924EF486600F58289 /* View */ = {
			isa = PBXGroup;
			children = (
				CA6C952724EF486300F58289 /* SpectatorRoomView.swift */,
			);
			path = View;
			sourceTree = "<group>";
		};
		CA6C952A24EF5AF800F58289 /* ViewModel */ = {
			isa = PBXGroup;
			children = (
				CA6C952B24EF5B0600F58289 /* SpectatorRoomViewModel.swift */,
			);
			path = ViewModel;
			sourceTree = "<group>";
		};
		CA7299972393156100AD1285 = {
			isa = PBXGroup;
			children = (
				CA7299A22393156100AD1285 /* Hive-for-iOS */,
				CAEA8B9B2615459A00A115BE /* HiveUITests */,
				CA4F1B46262B287B002C4DC1 /* Hive-for-watchOS */,
				CA4F1B52262B287D002C4DC1 /* Hive-for-watchOS-Extension */,
				CA7299A12393156100AD1285 /* Products */,
				CAB43EEA262CBE3100687D64 /* Frameworks */,
			);
			sourceTree = "<group>";
		};
		CA7299A12393156100AD1285 /* Products */ = {
			isa = PBXGroup;
			children = (
				CA7299A02393156100AD1285 /* Hive Mobile.app */,
				CAEA8B9A2615459A00A115BE /* HiveUITests.xctest */,
				CA4F1B45262B287B002C4DC1 /* Hive-for-watchOS.app */,
				CA4F1B4E262B287D002C4DC1 /* Hive-for-watchOS-Extension.appex */,
			);
			name = Products;
			sourceTree = "<group>";
		};
		CA7299A22393156100AD1285 /* Hive-for-iOS */ = {
			isa = PBXGroup;
			children = (
				CA7299B12393156400AD1285 /* Info.plist */,
				CA7299B8239320EF00AD1285 /* Resources */,
				CA7299B7239320EA00AD1285 /* Source */,
				CA7299AB2393156400AD1285 /* Preview Content */,
				CAC51C96252536AF004C1866 /* xcconfigs */,
			);
			path = "Hive-for-iOS";
			sourceTree = "<group>";
		};
		CA7299AB2393156400AD1285 /* Preview Content */ = {
			isa = PBXGroup;
			children = (
				CA7299AC2393156400AD1285 /* Preview Assets.xcassets */,
			);
			path = "Preview Content";
			sourceTree = "<group>";
		};
		CA7299B7239320EA00AD1285 /* Source */ = {
			isa = PBXGroup;
			children = (
				CAC6861123CE43F600B882D2 /* API */,
				CAC685FA23CCF65F00B882D2 /* Common */,
				CAC6860423CD227A00B882D2 /* Extensions */,
				CAFA467123D8B38F003C38AB /* Game */,
				CAC685F723CCE9FA00B882D2 /* Sections */,
				CA7299A32393156100AD1285 /* AppDelegate.swift */,
			);
			path = Source;
			sourceTree = "<group>";
		};
		CA7299B8239320EF00AD1285 /* Resources */ = {
			isa = PBXGroup;
			children = (
				CAF40D7725911CE000DCD4E5 /* Hive-for-iOS.entitlements */,
				CA7299AE2393156400AD1285 /* LaunchScreen.storyboard */,
				CA75CA75256BFD4700F02928 /* Dependencies.plist */,
				CA7299A92393156400AD1285 /* Assets.xcassets */,
			);
			path = Resources;
			sourceTree = "<group>";
		};
		CA75CA70256B850500F02928 /* Errors */ = {
			isa = PBXGroup;
			children = (
				CA75CA71256B852900F02928 /* AppVersionUnsupportedView.swift */,
			);
			path = Errors;
			sourceTree = "<group>";
		};
		CA797F592468669B0011E7D1 /* Lobby */ = {
			isa = PBXGroup;
			children = (
				CA797F5C246867050011E7D1 /* View */,
				CAC73105246E01BF004DB450 /* ViewModel */,
			);
			path = Lobby;
			sourceTree = "<group>";
		};
		CA797F5A246866C40011E7D1 /* History */ = {
			isa = PBXGroup;
			children = (
				CA797F5E246867230011E7D1 /* View */,
				CAC73102246DFEC0004DB450 /* ViewModel */,
			);
			path = History;
			sourceTree = "<group>";
		};
		CA797F5B246866CE0011E7D1 /* Common */ = {
			isa = PBXGroup;
			children = (
				CAC6860B23CD235D00B882D2 /* Model */,
			);
			path = Common;
			sourceTree = "<group>";
		};
		CA797F5C246867050011E7D1 /* View */ = {
			isa = PBXGroup;
			children = (
				CA8F46E0245EBD0D00B136D0 /* LobbyList.swift */,
				CA6CC92824A9579700E8CB27 /* LocalOpponentPicker.swift */,
				CAC6861723CE4E6800B882D2 /* LobbyRow.swift */,
				CAD32BF62493103200984610 /* LocalRoomView.swift */,
				CA8F46E8245F3D4500B136D0 /* OnlineRoomView.swift */,
				CAD32BF42493070A00984610 /* RoomDetailsView.swift */,
			);
			path = View;
			sourceTree = "<group>";
		};
		CA797F5E246867230011E7D1 /* View */ = {
			isa = PBXGroup;
			children = (
				CA797F60246868000011E7D1 /* MatchHistoryList.swift */,
				CAC730E824696F1C004DB450 /* HistoryRow.swift */,
			);
			path = View;
			sourceTree = "<group>";
		};
		CA804534254BA6A100415DF8 /* Utils */ = {
			isa = PBXGroup;
			children = (
				CAF75558256B2CAF00BEC0DE /* AppInfo.swift */,
				CA75261A262CDEAF006317A5 /* LoadableSubject.swift */,
				CA752600262CD7A7006317A5 /* Logger.swift */,
				CA88B80B244D89B600C4A276 /* Store.swift */,
			);
			path = Utils;
			sourceTree = "<group>";
		};
		CA90799D24B2934C00B30CF6 /* Information */ = {
			isa = PBXGroup;
			children = (
				CA90799B24B2931700B30CF6 /* GameSettings.swift */,
				CA45F9C5242E9F7A007EC94D /* Markdown.swift */,
				CA45F9BF242E4857007EC94D /* PieceStack.swift */,
				CA45F9C1242E6119007EC94D /* PieceClassDetails.swift */,
				CAD7515824301A390054B164 /* RuleList.swift */,
				CAEBA7CE24BA01200051100D /* PlayerHandView.swift */,
			);
			path = Information;
			sourceTree = "<group>";
		};
		CA91C32024350CD3007E7D55 /* Model */ = {
			isa = PBXGroup;
			children = (
				CA91C32124350CEA007E7D55 /* User+LoginSignup.swift */,
				CA82FA3A2597A813003DA809 /* User+Update.swift */,
			);
			path = Model;
			sourceTree = "<group>";
		};
		CAA78AD6257F4A8D00246CCD /* Emoji */ = {
			isa = PBXGroup;
			children = (
				CAA78AD7257F4A9C00246CCD /* Balloon.swift */,
				CAA78AD3257F3DC400246CCD /* Confetti.swift */,
				CA92525024B6A83D003DB4F2 /* Emoji.swift */,
			);
			path = Emoji;
			sourceTree = "<group>";
		};
		CAAB6FB4247669B200A698F9 /* Presentation */ = {
			isa = PBXGroup;
			children = (
				CABDFCDD23DBA17200C697AD /* BottomSheet.swift */,
				CA238A5E25983A7100EFD721 /* ModalView.swift */,
			);
			path = Presentation;
			sourceTree = "<group>";
		};
		CAAB6FB5247669E300A698F9 /* Image */ = {
			isa = PBXGroup;
			children = (
				CABDFD0523DCA73500C697AD /* HexImage.swift */,
				CAC6861E23CE6BDC00B882D2 /* RemoteImage.swift */,
			);
			path = Image;
			sourceTree = "<group>";
		};
		CAAB6FB624766A0600A698F9 /* Loading */ = {
			isa = PBXGroup;
			children = (
				CA22022B243F800D005367B6 /* LoadingHUD.swift */,
				CA1BDD912570C35200A16D26 /* LoadingView.swift */,
			);
			path = Loading;
			sourceTree = "<group>";
		};
		CAAB6FB724766A2400A698F9 /* TabBar */ = {
			isa = PBXGroup;
			children = (
				CAAB6FB824766A4600A698F9 /* BetterTabBar.swift */,
			);
			path = TabBar;
			sourceTree = "<group>";
		};
		CAB43EEA262CBE3100687D64 /* Frameworks */ = {
			isa = PBXGroup;
			children = (
				CAB43EEB262CBE3100687D64 /* HiveFoundation */,
			);
			name = Frameworks;
			sourceTree = "<group>";
		};
		CABDFCD723DB899E00C697AD /* View */ = {
			isa = PBXGroup;
			children = (
				CABDFCD823DB89AA00C697AD /* WelcomeView.swift */,
			);
			path = View;
			sourceTree = "<group>";
		};
		CABDFCDF23DBAC3E00C697AD /* Model */ = {
			isa = PBXGroup;
			children = (
				CAA78AD6257F4A8D00246CCD /* Emoji */,
				CA45F9BB242B85C2007EC94D /* GameEvent.swift */,
				CABDFCE023DBAC5700C697AD /* GameInformation.swift */,
				CA45F9C3242E758C007EC94D /* GameRule.swift */,
			);
			path = Model;
			sourceTree = "<group>";
		};
		CABDFD1523E1A5D900C697AD /* AR */ = {
			isa = PBXGroup;
			children = (
				CA16F2AF24B21676007969AF /* Debug */,
				CA16F2AC24B21548007969AF /* Extensions */,
				CA75CE44242AB65300998719 /* GameViewAR.swift */,
				CAFA467523D8BCEF003C38AB /* GameViewARController.swift */,
			);
			path = AR;
			sourceTree = "<group>";
		};
		CABDFD1623E1A60800C697AD /* Common */ = {
			isa = PBXGroup;
			children = (
				CAFA467323D8B3B1003C38AB /* Game.swift */,
				CA0523EF23E57813008F8A94 /* GameViewContent.swift */,
				CABDFCDF23DBAC3E00C697AD /* Model */,
				CAFA469723DAD114003C38AB /* View */,
				CAFA469823DAD11D003C38AB /* ViewModel */,
			);
			path = Common;
			sourceTree = "<group>";
		};
		CAC51C96252536AF004C1866 /* xcconfigs */ = {
			isa = PBXGroup;
			children = (
				CAC51C9725253700004C1866 /* App.xcconfig */,
				CAEA8BA62615483900A115BE /* AppUITests.xcconfig */,
				CAC51C9825254109004C1866 /* Project.xcconfig */,
				CAC51C9A25254279004C1866 /* Shared.xcconfig */,
				CAC51C99252541ED004C1866 /* Version.xcconfig */,
				CA4F1B6E262B289B002C4DC1 /* Watch.xcconfig */,
				CA4F1B6F262B289B002C4DC1 /* WatchExtension.xcconfig */,
			);
			path = xcconfigs;
			sourceTree = "<group>";
		};
		CAC650A92461533900835209 /* View */ = {
			isa = PBXGroup;
			children = (
				CA5C82E8254053D9008D47B5 /* ProfileListView.swift */,
				CAFC7A64245C54EE00747E82 /* ProfileView.swift */,
				CAF710912597E47900659BF1 /* ProfileUpdateForm.swift */,
			);
			path = View;
			sourceTree = "<group>";
		};
		CAC650AA2461535800835209 /* Model */ = {
			isa = PBXGroup;
			children = (
				CAA87BC024328F53006E418B /* User.swift */,
			);
			path = Model;
			sourceTree = "<group>";
		};
		CAC685F623CCE9F400B882D2 /* Welcome */ = {
			isa = PBXGroup;
			children = (
				CABDFCD723DB899E00C697AD /* View */,
			);
			path = Welcome;
			sourceTree = "<group>";
		};
		CAC685F723CCE9FA00B882D2 /* Sections */ = {
			isa = PBXGroup;
			children = (
				CAF8256D245CD14D0064359E /* ContentView.swift */,
				CAC73100246DFA6C004DB450 /* ContentViewViewModel.swift */,
				CAC730F8246C98BB004DB450 /* GameContentCoordinatorView.swift */,
				CAFC7A61245C527400747E82 /* RootTabView.swift */,
				CAC68CC324327517003CC2E6 /* Login */,
				CAC6860123CD1C9B00B882D2 /* Matches */,
				CAFC7A63245C54DE00747E82 /* Profile */,
				CAC730F4246BDF0C004DB450 /* Settings */,
				CAC685F623CCE9F400B882D2 /* Welcome */,
				CA75CA70256B850500F02928 /* Errors */,
			);
			path = Sections;
			sourceTree = "<group>";
		};
		CAC685FA23CCF65F00B882D2 /* Common */ = {
			isa = PBXGroup;
			children = (
				CA804534254BA6A100415DF8 /* Utils */,
				CAF82561245C77B20064359E /* State */,
				CAC6861B23CE6AFD00B882D2 /* View */,
				CAC685FD23CCF67300B882D2 /* Assets.swift */,
				CAC6860F23CE3F3700B882D2 /* HostingController.swift */,
				CAC6861923CE615800B882D2 /* ImageLoader.swift */,
				CA75CE42242A98D200998719 /* LoafState.swift */,
				CAC685FF23CD18C100B882D2 /* Metrics.swift */,
				CABDFCD123DB7FBC00C697AD /* Theme.swift */,
			);
			path = Common;
			sourceTree = "<group>";
		};
		CAC6860123CD1C9B00B882D2 /* Matches */ = {
			isa = PBXGroup;
			children = (
				CA797F5B246866CE0011E7D1 /* Common */,
				CA797F5A246866C40011E7D1 /* History */,
				CA797F592468669B0011E7D1 /* Lobby */,
				CA6C952624EF484D00F58289 /* Spectating */,
			);
			path = Matches;
			sourceTree = "<group>";
		};
		CAC6860423CD227A00B882D2 /* Extensions */ = {
			isa = PBXGroup;
			children = (
				CA0939CF24B6B0E700488713 /* Array+Extensions.swift */,
				CA0F93A02427DCE600F6E104 /* CoreGraphics+Extensions.swift */,
				CAC730EA246979C5004DB450 /* Date+Extensions.swift */,
				CAC6860523CD228A00B882D2 /* EdgeInsets+Extensions.swift */,
				CABDFD0923DDAB4C00C697AD /* GameState+Extensions.swift */,
				CAF8256B245C87340064359E /* Publisher+Extensions.swift */,
				CA0F93A22427E83500F6E104 /* SKView+Extensions.swift */,
				CAFA91F923EA1B410087F1F0 /* String+Extensions.swift */,
				CAFA469D23DAD254003C38AB /* UIView+Extensions.swift */,
				CA82FA3625968CAB003DA809 /* View+Extensions.swift */,
			);
			path = Extensions;
			sourceTree = "<group>";
		};
		CAC6860B23CD235D00B882D2 /* Model */ = {
			isa = PBXGroup;
			children = (
				CAC6860D23CD236D00B882D2 /* Match.swift */,
			);
			path = Model;
			sourceTree = "<group>";
		};
		CAC6861123CE43F600B882D2 /* API */ = {
			isa = PBXGroup;
			children = (
				CA91C32024350CD3007E7D55 /* Model */,
				CAC6861223CE440A00B882D2 /* HiveAPI.swift */,
				CA238A612598F72300EFD721 /* HiveAPI+Endpoint.swift */,
				CA238A652598F90F00EFD721 /* HiveAPI+Error.swift */,
			);
			path = API;
			sourceTree = "<group>";
		};
		CAC6861B23CE6AFD00B882D2 /* View */ = {
			isa = PBXGroup;
			children = (
				CAAB6FB5247669E300A698F9 /* Image */,
				CA1BDD8B2570AFF600A16D26 /* List */,
				CAAB6FB624766A0600A698F9 /* Loading */,
				CAAB6FB4247669B200A698F9 /* Presentation */,
				CAAB6FB724766A2400A698F9 /* TabBar */,
				CA6CC92A24A96D8700E8CB27 /* BasicButton.swift */,
				CA797F62246892AC0011E7D1 /* EmptyState.swift */,
				CABDFD0723DD9FE300C697AD /* UserPreview.swift */,
				CA5C82E5253E715E008D47B5 /* SearchBar.swift */,
				CAA78AD0257DC9D200246CCD /* Tooltip.swift */,
			);
			path = View;
			sourceTree = "<group>";
		};
		CAC68CC324327517003CC2E6 /* Login */ = {
			isa = PBXGroup;
			children = (
				CAC68CC52432752B003CC2E6 /* View */,
				CAC730FA246DCE48004DB450 /* ViewModel */,
			);
			path = Login;
			sourceTree = "<group>";
		};
		CAC68CC52432752B003CC2E6 /* View */ = {
			isa = PBXGroup;
			children = (
				CA8F46DC245DD27600B136D0 /* LoginSignupForm.swift */,
			);
			path = View;
			sourceTree = "<group>";
		};
		CAC730F4246BDF0C004DB450 /* Settings */ = {
			isa = PBXGroup;
			children = (
				CAC730F5246BDF1C004DB450 /* View */,
				CA286D06247140950044BAAE /* ViewModel */,
			);
			path = Settings;
			sourceTree = "<group>";
		};
		CAC730F5246BDF1C004DB450 /* View */ = {
			isa = PBXGroup;
			children = (
				CAC730F6246BDF26004DB450 /* SettingsList.swift */,
				CA9079A324B540EC00B30CF6 /* AttributionsList.swift */,
			);
			path = View;
			sourceTree = "<group>";
		};
		CAC730FA246DCE48004DB450 /* ViewModel */ = {
			isa = PBXGroup;
			children = (
				CAC730FB246DCE5B004DB450 /* LoginSignupFormViewModel.swift */,
			);
			path = ViewModel;
			sourceTree = "<group>";
		};
		CAC730FD246DF6AF004DB450 /* ViewModel */ = {
			isa = PBXGroup;
			children = (
				CAC730FE246DF74E004DB450 /* ProfileViewModel.swift */,
				CA5C82EC254053FD008D47B5 /* ProfileListViewModel.swift */,
				CAF710942597FEC700659BF1 /* ProfileUpdateFormViewModel.swift */,
			);
			path = ViewModel;
			sourceTree = "<group>";
		};
		CAC73102246DFEC0004DB450 /* ViewModel */ = {
			isa = PBXGroup;
			children = (
				CAC73103246DFED5004DB450 /* MatchHistoryListViewModel.swift */,
			);
			path = ViewModel;
			sourceTree = "<group>";
		};
		CAC73105246E01BF004DB450 /* ViewModel */ = {
			isa = PBXGroup;
			children = (
				CAC73106246E01CB004DB450 /* LobbyListViewModel.swift */,
				CAD32BF82493130000984610 /* LocalRoomViewModel.swift */,
				CAC73108246E0505004DB450 /* OnlineRoomViewModel.swift */,
			);
			path = ViewModel;
			sourceTree = "<group>";
		};
		CAEA8B9B2615459A00A115BE /* HiveUITests */ = {
			isa = PBXGroup;
			children = (
				CAEA8B9E2615459A00A115BE /* Info.plist */,
				CAEA8BCA2615557100A115BE /* Source */,
			);
			path = HiveUITests;
			sourceTree = "<group>";
		};
		CAEA8BCA2615557100A115BE /* Source */ = {
			isa = PBXGroup;
			children = (
				CAEA8BC62615556200A115BE /* SnapshotHelper.swift */,
				CAEA8B9C2615459A00A115BE /* AppStoreSnapshotTests.swift */,
			);
			path = Source;
			sourceTree = "<group>";
		};
		CAF82561245C77B20064359E /* State */ = {
			isa = PBXGroup;
			children = (
				CAF8255D245C75C50064359E /* AppContainer.swift */,
				CAF8256F245D59730064359E /* AppEnvironment.swift */,
				CA41ACAB2454A30B00B6F88E /* Toaster.swift */,
				CAF82563245C77DD0064359E /* Model */,
				CAF82562245C77D50064359E /* Interactor */,
				CA3B0B6A2536B04C0010109F /* ViewModifier */,
				CAF82566245C7A030064359E /* Repository */,
			);
			path = State;
			sourceTree = "<group>";
		};
		CAF82562245C77D50064359E /* Interactor */ = {
			isa = PBXGroup;
			children = (
				CAF8255F245C76EA0064359E /* Interactors.swift */,
				CAF82564245C78060064359E /* AccountInteractor.swift */,
				CAC650AB2461FC1900835209 /* ClientInteractor.swift */,
				CA8F46E4245EC35800B136D0 /* MatchInteractor.swift */,
				CA797F66246930C80011E7D1 /* UserInteractor.swift */,
			);
			path = Interactor;
			sourceTree = "<group>";
		};
		CAF82563245C77DD0064359E /* Model */ = {
			isa = PBXGroup;
			children = (
				CAF82555245C6B030064359E /* AppState.swift */,
				CA286D092471E84B0044BAAE /* Preferences.swift */,
			);
			path = Model;
			sourceTree = "<group>";
		};
		CAF82566245C7A030064359E /* Repository */ = {
			isa = PBXGroup;
			children = (
				CAF82567245C7A1D0064359E /* AccountRepository.swift */,
				CA8F46E6245EC36200B136D0 /* MatchRepository.swift */,
				CA797F64246930BB0011E7D1 /* UserRepository.swift */,
			);
			path = Repository;
			sourceTree = "<group>";
		};
		CAFA467123D8B38F003C38AB /* Game */ = {
			isa = PBXGroup;
			children = (
				CABDFD1623E1A60800C697AD /* Common */,
				CABDFD1523E1A5D900C697AD /* AR */,
				CA0F93922425FFF200F6E104 /* 2D */,
			);
			path = Game;
			sourceTree = "<group>";
		};
		CAFA469723DAD114003C38AB /* View */ = {
			isa = PBXGroup;
			children = (
				CA90799D24B2934C00B30CF6 /* Information */,
				CA45F9B9242B7C4C007EC94D /* EventHUD.swift */,
				CAA78AE0257F527000246CCD /* AnimateableEmoji.swift */,
				CA0C77E325295BAF00C9AA89 /* EmojiHUD.swift */,
				CAFA469B23DAD215003C38AB /* GameHUD.swift */,
				CABDFD1123E0C97000C697AD /* InformationHUD.swift */,
			);
			path = View;
			sourceTree = "<group>";
		};
		CAFA469823DAD11D003C38AB /* ViewModel */ = {
			isa = PBXGroup;
			children = (
				CAFA469923DAD13B003C38AB /* GameViewModel.swift */,
				CA9DFA0624F421BB0045DA26 /* PlayerGameViewModel.swift */,
				CA9DFA0424F36A650045DA26 /* SpectatorGameViewModel.swift */,
			);
			path = ViewModel;
			sourceTree = "<group>";
		};
		CAFC7A63245C54DE00747E82 /* Profile */ = {
			isa = PBXGroup;
			children = (
				CAC650AA2461535800835209 /* Model */,
				CAC650A92461533900835209 /* View */,
				CAC730FD246DF6AF004DB450 /* ViewModel */,
			);
			path = Profile;
			sourceTree = "<group>";
		};
/* End PBXGroup section */

/* Begin PBXNativeTarget section */
		CA4F1B44262B287B002C4DC1 /* Hive-for-watchOS */ = {
			isa = PBXNativeTarget;
			buildConfigurationList = CA4F1B69262B287F002C4DC1 /* Build configuration list for PBXNativeTarget "Hive-for-watchOS" */;
			buildPhases = (
				CA4F1B43262B287B002C4DC1 /* Resources */,
				CA4F1B65262B287F002C4DC1 /* Embed App Extensions */,
			);
			buildRules = (
			);
			dependencies = (
				CA4F1B51262B287D002C4DC1 /* PBXTargetDependency */,
			);
			name = "Hive-for-watchOS";
			productName = "Hive Mobile Mini";
			productReference = CA4F1B45262B287B002C4DC1 /* Hive-for-watchOS.app */;
			productType = "com.apple.product-type.application.watchapp2";
		};
		CA4F1B4D262B287D002C4DC1 /* Hive-for-watchOS-Extension */ = {
			isa = PBXNativeTarget;
			buildConfigurationList = CA4F1B68262B287F002C4DC1 /* Build configuration list for PBXNativeTarget "Hive-for-watchOS-Extension" */;
			buildPhases = (
				CA4F1B4A262B287D002C4DC1 /* Sources */,
				CA4F1B4B262B287D002C4DC1 /* Frameworks */,
				CA4F1B4C262B287D002C4DC1 /* Resources */,
			);
			buildRules = (
			);
			dependencies = (
			);
			name = "Hive-for-watchOS-Extension";
			packageProductDependencies = (
				CA752624262CE2F8006317A5 /* HiveFoundation */,
			);
			productName = "Hive Mobile Mini Extension";
			productReference = CA4F1B4E262B287D002C4DC1 /* Hive-for-watchOS-Extension.appex */;
			productType = "com.apple.product-type.watchkit2-extension";
		};
		CA72999F2393156100AD1285 /* Hive-for-iOS */ = {
			isa = PBXNativeTarget;
			buildConfigurationList = CA7299B42393156400AD1285 /* Build configuration list for PBXNativeTarget "Hive-for-iOS" */;
			buildPhases = (
				CABDFCDC23DB935700C697AD /* ShellScript */,
				CA75CA78256BFD6100F02928 /* ShellScript */,
				CA72999C2393156100AD1285 /* Sources */,
				CA72999D2393156100AD1285 /* Frameworks */,
				CA72999E2393156100AD1285 /* Resources */,
				CA4F1B62262B287F002C4DC1 /* Embed Watch Content */,
			);
			buildRules = (
			);
			dependencies = (
				CA4F1B60262B287F002C4DC1 /* PBXTargetDependency */,
			);
			name = "Hive-for-iOS";
			packageProductDependencies = (
				CAFA466C23D24BE7003C38AB /* Loaf */,
				CAD75154242F5ECA0054B164 /* SwiftyMarkdown */,
				CA7D5E4B2433FDBF00D12A8C /* KeychainAccess */,
				CA7525F2262CC392006317A5 /* HiveFoundation */,
			);
			productName = "Hive Mobile";
			productReference = CA7299A02393156100AD1285 /* Hive Mobile.app */;
			productType = "com.apple.product-type.application";
		};
		CAEA8B992615459A00A115BE /* HiveUITests */ = {
			isa = PBXNativeTarget;
			buildConfigurationList = CAEA8BA32615459A00A115BE /* Build configuration list for PBXNativeTarget "HiveUITests" */;
			buildPhases = (
				CAEA8B962615459A00A115BE /* Sources */,
				CAEA8B972615459A00A115BE /* Frameworks */,
				CAEA8B982615459A00A115BE /* Resources */,
			);
			buildRules = (
			);
			dependencies = (
				CAEA8BA02615459A00A115BE /* PBXTargetDependency */,
			);
			name = HiveUITests;
			productName = HiveUITests;
			productReference = CAEA8B9A2615459A00A115BE /* HiveUITests.xctest */;
			productType = "com.apple.product-type.bundle.ui-testing";
		};
/* End PBXNativeTarget section */

/* Begin PBXProject section */
		CA7299982393156100AD1285 /* Project object */ = {
			isa = PBXProject;
			attributes = {
				LastSwiftUpdateCheck = 1230;
				LastUpgradeCheck = 1230;
				ORGANIZATIONNAME = "Joseph Roque";
				TargetAttributes = {
					CA4F1B44262B287B002C4DC1 = {
						CreatedOnToolsVersion = 12.3;
					};
					CA4F1B4D262B287D002C4DC1 = {
						CreatedOnToolsVersion = 12.3;
					};
					CA72999F2393156100AD1285 = {
						CreatedOnToolsVersion = 11.1;
					};
					CAEA8B992615459A00A115BE = {
						CreatedOnToolsVersion = 12.3;
						TestTargetID = CA72999F2393156100AD1285;
					};
				};
			};
			buildConfigurationList = CA72999B2393156100AD1285 /* Build configuration list for PBXProject "Hive-for-iOS" */;
			compatibilityVersion = "Xcode 9.3";
			developmentRegion = en;
			hasScannedForEncodings = 0;
			knownRegions = (
				en,
				Base,
			);
			mainGroup = CA7299972393156100AD1285;
			packageReferences = (
				CAFA466B23D24BE7003C38AB /* XCRemoteSwiftPackageReference "loaf" */,
				CAD75153242F5ECA0054B164 /* XCRemoteSwiftPackageReference "SwiftyMarkdown" */,
				CA7D5E4A2433FDBF00D12A8C /* XCRemoteSwiftPackageReference "KeychainAccess" */,
			);
			productRefGroup = CA7299A12393156100AD1285 /* Products */;
			projectDirPath = "";
			projectRoot = "";
			targets = (
				CA72999F2393156100AD1285 /* Hive-for-iOS */,
				CAEA8B992615459A00A115BE /* HiveUITests */,
				CA4F1B44262B287B002C4DC1 /* Hive-for-watchOS */,
				CA4F1B4D262B287D002C4DC1 /* Hive-for-watchOS-Extension */,
			);
		};
/* End PBXProject section */

/* Begin PBXResourcesBuildPhase section */
		CA4F1B43262B287B002C4DC1 /* Resources */ = {
			isa = PBXResourcesBuildPhase;
			buildActionMask = 2147483647;
			files = (
				CA4F1B93262B2B84002C4DC1 /* Assets.xcassets in Resources */,
			);
			runOnlyForDeploymentPostprocessing = 0;
		};
		CA4F1B4C262B287D002C4DC1 /* Resources */ = {
			isa = PBXResourcesBuildPhase;
			buildActionMask = 2147483647;
			files = (
				CA4F1B81262B2A7E002C4DC1 /* Assets.xcassets in Resources */,
				CA4F1B5D262B287F002C4DC1 /* Preview Assets.xcassets in Resources */,
			);
			runOnlyForDeploymentPostprocessing = 0;
		};
		CA72999E2393156100AD1285 /* Resources */ = {
			isa = PBXResourcesBuildPhase;
			buildActionMask = 2147483647;
			files = (
				CA7299B02393156400AD1285 /* LaunchScreen.storyboard in Resources */,
				CA7299AD2393156400AD1285 /* Preview Assets.xcassets in Resources */,
				CA7299AA2393156400AD1285 /* Assets.xcassets in Resources */,
				CA75CA76256BFD4700F02928 /* Dependencies.plist in Resources */,
			);
			runOnlyForDeploymentPostprocessing = 0;
		};
		CAEA8B982615459A00A115BE /* Resources */ = {
			isa = PBXResourcesBuildPhase;
			buildActionMask = 2147483647;
			files = (
			);
			runOnlyForDeploymentPostprocessing = 0;
		};
/* End PBXResourcesBuildPhase section */

/* Begin PBXShellScriptBuildPhase section */
		CA75CA78256BFD6100F02928 /* ShellScript */ = {
			isa = PBXShellScriptBuildPhase;
			buildActionMask = 2147483647;
			files = (
			);
			inputFileListPaths = (
			);
			inputPaths = (
			);
			outputFileListPaths = (
			);
			outputPaths = (
			);
			runOnlyForDeploymentPostprocessing = 0;
			shellPath = /bin/sh;
			shellScript = "./script/cache-dependencies\n";
		};
		CABDFCDC23DB935700C697AD /* ShellScript */ = {
			isa = PBXShellScriptBuildPhase;
			buildActionMask = 2147483647;
			files = (
			);
			inputFileListPaths = (
			);
			inputPaths = (
			);
			outputFileListPaths = (
			);
			outputPaths = (
			);
			runOnlyForDeploymentPostprocessing = 0;
			shellPath = /bin/sh;
			shellScript = "if which swiftlint >/dev/null; then\n  swiftlint\nelse\n  echo \"warning: SwiftLint not installed, download from https://github.com/realm/SwiftLint\"\nfi\n";
		};
/* End PBXShellScriptBuildPhase section */

/* Begin PBXSourcesBuildPhase section */
		CA4F1B4A262B287D002C4DC1 /* Sources */ = {
			isa = PBXSourcesBuildPhase;
			buildActionMask = 2147483647;
			files = (
				CA4F1B54262B287D002C4DC1 /* ContentView.swift in Sources */,
				CA4F1B56262B287D002C4DC1 /* HiveWatchApp.swift in Sources */,
				CA4F1B58262B287D002C4DC1 /* ComplicationController.swift in Sources */,
			);
			runOnlyForDeploymentPostprocessing = 0;
		};
		CA72999C2393156100AD1285 /* Sources */ = {
			isa = PBXSourcesBuildPhase;
			buildActionMask = 2147483647;
			files = (
				CAD7515924301A390054B164 /* RuleList.swift in Sources */,
				CA91C32224350CEA007E7D55 /* User+LoginSignup.swift in Sources */,
				CAC6861A23CE615800B882D2 /* ImageLoader.swift in Sources */,
				CA88B80C244D89B600C4A276 /* Store.swift in Sources */,
				CAC730F9246C98BB004DB450 /* GameContentCoordinatorView.swift in Sources */,
				CA8F46E7245EC36200B136D0 /* MatchRepository.swift in Sources */,
				CA7299A42393156100AD1285 /* AppDelegate.swift in Sources */,
				CA45F9BC242B85C2007EC94D /* GameEvent.swift in Sources */,
				CAC6861F23CE6BDC00B882D2 /* RemoteImage.swift in Sources */,
				CAC6861023CE3F3700B882D2 /* HostingController.swift in Sources */,
				CA90799C24B2931700B30CF6 /* GameSettings.swift in Sources */,
				CA75CE43242A98D200998719 /* LoafState.swift in Sources */,
				CAFA469E23DAD254003C38AB /* UIView+Extensions.swift in Sources */,
				CA797F63246892AC0011E7D1 /* EmptyState.swift in Sources */,
				CAD32BF52493070A00984610 /* RoomDetailsView.swift in Sources */,
				CA238A5F25983A7100EFD721 /* ModalView.swift in Sources */,
				CA22022C243F800D005367B6 /* LoadingHUD.swift in Sources */,
				CA45F9BA242B7C4C007EC94D /* EventHUD.swift in Sources */,
				CAC730EB246979C5004DB450 /* Date+Extensions.swift in Sources */,
				CAFA467623D8BCEF003C38AB /* GameViewARController.swift in Sources */,
				CAF82570245D59730064359E /* AppEnvironment.swift in Sources */,
				CAC730F7246BDF26004DB450 /* SettingsList.swift in Sources */,
				CA1BDD922570C35200A16D26 /* LoadingView.swift in Sources */,
				CABDFCE123DBAC5700C697AD /* GameInformation.swift in Sources */,
				CA45F9C2242E6119007EC94D /* PieceClassDetails.swift in Sources */,
				CA8F46E1245EBD0D00B136D0 /* LobbyList.swift in Sources */,
				CAF710922597E47900659BF1 /* ProfileUpdateForm.swift in Sources */,
				CAFA469A23DAD13B003C38AB /* GameViewModel.swift in Sources */,
				CA75261B262CDEAF006317A5 /* LoadableSubject.swift in Sources */,
				CAC6860023CD18C100B882D2 /* Metrics.swift in Sources */,
				CA752601262CD7A7006317A5 /* Logger.swift in Sources */,
				CA9DFA0724F421BB0045DA26 /* PlayerGameViewModel.swift in Sources */,
				CA0F93A12427DCE600F6E104 /* CoreGraphics+Extensions.swift in Sources */,
				CAA78AE1257F527000246CCD /* AnimateableEmoji.swift in Sources */,
				CA0F939A24264DE400F6E104 /* GameState+2D.swift in Sources */,
				CA0F939824264CB700F6E104 /* SpriteManager.swift in Sources */,
				CA41ACAC2454A30B00B6F88E /* Toaster.swift in Sources */,
				CA9079A424B540EC00B30CF6 /* AttributionsList.swift in Sources */,
				CAD32BF72493103200984610 /* LocalRoomView.swift in Sources */,
				CA82FA3725968CAB003DA809 /* View+Extensions.swift in Sources */,
				CAF710952597FEC700659BF1 /* ProfileUpdateFormViewModel.swift in Sources */,
				CAC685FE23CCF67300B882D2 /* Assets.swift in Sources */,
				CAF82568245C7A1D0064359E /* AccountRepository.swift in Sources */,
				CAA78AD8257F4A9C00246CCD /* Balloon.swift in Sources */,
				CA45F9C0242E4857007EC94D /* PieceStack.swift in Sources */,
				CA797F61246868000011E7D1 /* MatchHistoryList.swift in Sources */,
				CAFA91F223E77B290087F1F0 /* GameState+AR.swift in Sources */,
				CAA87BC124328F53006E418B /* User.swift in Sources */,
				CA0C77E425295BAF00C9AA89 /* EmojiHUD.swift in Sources */,
				CAF155C62536952C00305CBE /* AppStateChangeListener.swift in Sources */,
				CAC6861323CE440A00B882D2 /* HiveAPI.swift in Sources */,
				CABDFCDE23DBA17200C697AD /* BottomSheet.swift in Sources */,
				CA45F9C6242E9F7A007EC94D /* Markdown.swift in Sources */,
				CA0F9396242602BA00F6E104 /* GameView2D.swift in Sources */,
				CAC73101246DFA6C004DB450 /* ContentViewViewModel.swift in Sources */,
				CA0939D024B6B0E700488713 /* Array+Extensions.swift in Sources */,
				CA75CE45242AB65300998719 /* GameViewAR.swift in Sources */,
				CA1BDD952570C60300A16D26 /* ThemeNavigationLink.swift in Sources */,
				CAC6860E23CD236D00B882D2 /* Match.swift in Sources */,
				CAFA91FA23EA1B410087F1F0 /* String+Extensions.swift in Sources */,
				CAF75559256B2CAF00BEC0DE /* AppInfo.swift in Sources */,
				CAD32BF92493130000984610 /* LocalRoomViewModel.swift in Sources */,
				CAC650AC2461FC1900835209 /* ClientInteractor.swift in Sources */,
				CA8F46E9245F3D4500B136D0 /* OnlineRoomView.swift in Sources */,
				CA6C952824EF486300F58289 /* SpectatorRoomView.swift in Sources */,
				CAC73104246DFED5004DB450 /* MatchHistoryListViewModel.swift in Sources */,
				CAFC7A62245C527400747E82 /* RootTabView.swift in Sources */,
				CA6CC92B24A96D8700E8CB27 /* BasicButton.swift in Sources */,
				CAC73107246E01CB004DB450 /* LobbyListViewModel.swift in Sources */,
				CA6C952C24EF5B0600F58289 /* SpectatorRoomViewModel.swift in Sources */,
				CA9DFA0524F36A650045DA26 /* SpectatorGameViewModel.swift in Sources */,
				CABDFCD223DB7FBC00C697AD /* Theme.swift in Sources */,
				CA1BDD8D2570B00400A16D26 /* SectionHeader.swift in Sources */,
				CA0F93A52428AEE200F6E104 /* DebugSprite.swift in Sources */,
				CA8F46E5245EC35800B136D0 /* MatchInteractor.swift in Sources */,
				CA82FA3B2597A814003DA809 /* User+Update.swift in Sources */,
				CA286D08247140A80044BAAE /* SettingsListViewModel.swift in Sources */,
				CAC6860623CD228A00B882D2 /* EdgeInsets+Extensions.swift in Sources */,
				CAA78AD1257DC9D200246CCD /* Tooltip.swift in Sources */,
				CAF82560245C76EA0064359E /* Interactors.swift in Sources */,
				CAFC7A65245C54EE00747E82 /* ProfileView.swift in Sources */,
				CA797F67246930C80011E7D1 /* UserInteractor.swift in Sources */,
				CA0F938F2422C80800F6E104 /* DebugOverlay.swift in Sources */,
				CAEBA7CF24BA01200051100D /* PlayerHandView.swift in Sources */,
				CA238A662598F90F00EFD721 /* HiveAPI+Error.swift in Sources */,
				CA75CA72256B852900F02928 /* AppVersionUnsupportedView.swift in Sources */,
				CABDFCD923DB89AA00C697AD /* WelcomeView.swift in Sources */,
				CAC6861823CE4E6800B882D2 /* LobbyRow.swift in Sources */,
				CAC73109246E0505004DB450 /* OnlineRoomViewModel.swift in Sources */,
				CA45F9C4242E758C007EC94D /* GameRule.swift in Sources */,
				CAA78AD4257F3DC400246CCD /* Confetti.swift in Sources */,
				CAC730FC246DCE5B004DB450 /* LoginSignupFormViewModel.swift in Sources */,
				CABDFD0A23DDAB4C00C697AD /* GameState+Extensions.swift in Sources */,
				CA286D0A2471E84B0044BAAE /* Preferences.swift in Sources */,
				CABDFD0823DD9FE300C697AD /* UserPreview.swift in Sources */,
				CAF8256E245CD14D0064359E /* ContentView.swift in Sources */,
				CA238A622598F72300EFD721 /* HiveAPI+Endpoint.swift in Sources */,
				CAF82565245C78060064359E /* AccountInteractor.swift in Sources */,
				CA92525124B6A83D003DB4F2 /* Emoji.swift in Sources */,
				CABDFD1223E0C97000C697AD /* InformationHUD.swift in Sources */,
				CA8F46DD245DD27600B136D0 /* LoginSignupForm.swift in Sources */,
				CAC730FF246DF74E004DB450 /* ProfileViewModel.swift in Sources */,
				CAFA469C23DAD215003C38AB /* GameHUD.swift in Sources */,
				CA6CC92924A9579700E8CB27 /* LocalOpponentPicker.swift in Sources */,
				CAC730E924696F1C004DB450 /* HistoryRow.swift in Sources */,
				CAAB6FB924766A4600A698F9 /* BetterTabBar.swift in Sources */,
				CAF8256C245C87340064359E /* Publisher+Extensions.swift in Sources */,
				CA5C82E9254053D9008D47B5 /* ProfileListView.swift in Sources */,
				CABDFD0623DCA73500C697AD /* HexImage.swift in Sources */,
				CA0523F023E57813008F8A94 /* GameViewContent.swift in Sources */,
				CA5C82E6253E715E008D47B5 /* SearchBar.swift in Sources */,
				CA797F65246930BB0011E7D1 /* UserRepository.swift in Sources */,
				CAFA467423D8B3B1003C38AB /* Game.swift in Sources */,
				CABDFD0E23DF8B4000C697AD /* Experience+Extensions.swift in Sources */,
				CA5C82ED254053FD008D47B5 /* ProfileListViewModel.swift in Sources */,
				CA0F93942426003800F6E104 /* GameView2DController.swift in Sources */,
				CA0F93A32427E83500F6E104 /* SKView+Extensions.swift in Sources */,
				CAF8255E245C75C50064359E /* AppContainer.swift in Sources */,
				CAF82556245C6B030064359E /* AppState.swift in Sources */,
			);
			runOnlyForDeploymentPostprocessing = 0;
		};
		CAEA8B962615459A00A115BE /* Sources */ = {
			isa = PBXSourcesBuildPhase;
			buildActionMask = 2147483647;
			files = (
				CAEA8B9D2615459A00A115BE /* AppStoreSnapshotTests.swift in Sources */,
				CAEA8BC72615556200A115BE /* SnapshotHelper.swift in Sources */,
			);
			runOnlyForDeploymentPostprocessing = 0;
		};
/* End PBXSourcesBuildPhase section */

/* Begin PBXTargetDependency section */
		CA4F1B51262B287D002C4DC1 /* PBXTargetDependency */ = {
			isa = PBXTargetDependency;
			target = CA4F1B4D262B287D002C4DC1 /* Hive-for-watchOS-Extension */;
			targetProxy = CA4F1B50262B287D002C4DC1 /* PBXContainerItemProxy */;
		};
		CA4F1B60262B287F002C4DC1 /* PBXTargetDependency */ = {
			isa = PBXTargetDependency;
			target = CA4F1B44262B287B002C4DC1 /* Hive-for-watchOS */;
			targetProxy = CA4F1B5F262B287F002C4DC1 /* PBXContainerItemProxy */;
		};
		CAEA8BA02615459A00A115BE /* PBXTargetDependency */ = {
			isa = PBXTargetDependency;
			target = CA72999F2393156100AD1285 /* Hive-for-iOS */;
			targetProxy = CAEA8B9F2615459A00A115BE /* PBXContainerItemProxy */;
		};
/* End PBXTargetDependency section */

/* Begin PBXVariantGroup section */
		CA7299AE2393156400AD1285 /* LaunchScreen.storyboard */ = {
			isa = PBXVariantGroup;
			children = (
				CA7299AF2393156400AD1285 /* Base */,
			);
			name = LaunchScreen.storyboard;
			sourceTree = "<group>";
		};
/* End PBXVariantGroup section */

/* Begin XCBuildConfiguration section */
		CA4F1B63262B287F002C4DC1 /* Debug */ = {
			isa = XCBuildConfiguration;
			baseConfigurationReference = CA4F1B6E262B289B002C4DC1 /* Watch.xcconfig */;
			buildSettings = {
			};
			name = Debug;
		};
		CA4F1B64262B287F002C4DC1 /* Release */ = {
			isa = XCBuildConfiguration;
			baseConfigurationReference = CA4F1B6E262B289B002C4DC1 /* Watch.xcconfig */;
			buildSettings = {
			};
			name = Release;
		};
		CA4F1B66262B287F002C4DC1 /* Debug */ = {
			isa = XCBuildConfiguration;
			baseConfigurationReference = CA4F1B6F262B289B002C4DC1 /* WatchExtension.xcconfig */;
			buildSettings = {
			};
			name = Debug;
		};
		CA4F1B67262B287F002C4DC1 /* Release */ = {
			isa = XCBuildConfiguration;
			baseConfigurationReference = CA4F1B6F262B289B002C4DC1 /* WatchExtension.xcconfig */;
			buildSettings = {
			};
			name = Release;
		};
		CA7299B22393156400AD1285 /* Debug */ = {
			isa = XCBuildConfiguration;
			baseConfigurationReference = CAC51C9825254109004C1866 /* Project.xcconfig */;
			buildSettings = {
			};
			name = Debug;
		};
		CA7299B32393156400AD1285 /* Release */ = {
			isa = XCBuildConfiguration;
			baseConfigurationReference = CAC51C9825254109004C1866 /* Project.xcconfig */;
			buildSettings = {
			};
			name = Release;
		};
		CA7299B52393156400AD1285 /* Debug */ = {
			isa = XCBuildConfiguration;
			baseConfigurationReference = CAC51C9725253700004C1866 /* App.xcconfig */;
			buildSettings = {
			};
			name = Debug;
		};
		CA7299B62393156400AD1285 /* Release */ = {
			isa = XCBuildConfiguration;
			baseConfigurationReference = CAC51C9725253700004C1866 /* App.xcconfig */;
			buildSettings = {
			};
			name = Release;
		};
		CAEA8BA12615459A00A115BE /* Debug */ = {
			isa = XCBuildConfiguration;
			baseConfigurationReference = CAEA8BA62615483900A115BE /* AppUITests.xcconfig */;
			buildSettings = {
			};
			name = Debug;
		};
		CAEA8BA22615459A00A115BE /* Release */ = {
			isa = XCBuildConfiguration;
			baseConfigurationReference = CAEA8BA62615483900A115BE /* AppUITests.xcconfig */;
			buildSettings = {
			};
			name = Release;
		};
/* End XCBuildConfiguration section */

/* Begin XCConfigurationList section */
		CA4F1B68262B287F002C4DC1 /* Build configuration list for PBXNativeTarget "Hive-for-watchOS-Extension" */ = {
			isa = XCConfigurationList;
			buildConfigurations = (
				CA4F1B66262B287F002C4DC1 /* Debug */,
				CA4F1B67262B287F002C4DC1 /* Release */,
			);
			defaultConfigurationIsVisible = 0;
			defaultConfigurationName = Release;
		};
		CA4F1B69262B287F002C4DC1 /* Build configuration list for PBXNativeTarget "Hive-for-watchOS" */ = {
			isa = XCConfigurationList;
			buildConfigurations = (
				CA4F1B63262B287F002C4DC1 /* Debug */,
				CA4F1B64262B287F002C4DC1 /* Release */,
			);
			defaultConfigurationIsVisible = 0;
			defaultConfigurationName = Release;
		};
		CA72999B2393156100AD1285 /* Build configuration list for PBXProject "Hive-for-iOS" */ = {
			isa = XCConfigurationList;
			buildConfigurations = (
				CA7299B22393156400AD1285 /* Debug */,
				CA7299B32393156400AD1285 /* Release */,
			);
			defaultConfigurationIsVisible = 0;
			defaultConfigurationName = Release;
		};
		CA7299B42393156400AD1285 /* Build configuration list for PBXNativeTarget "Hive-for-iOS" */ = {
			isa = XCConfigurationList;
			buildConfigurations = (
				CA7299B52393156400AD1285 /* Debug */,
				CA7299B62393156400AD1285 /* Release */,
			);
			defaultConfigurationIsVisible = 0;
			defaultConfigurationName = Release;
		};
		CAEA8BA32615459A00A115BE /* Build configuration list for PBXNativeTarget "HiveUITests" */ = {
			isa = XCConfigurationList;
			buildConfigurations = (
				CAEA8BA12615459A00A115BE /* Debug */,
				CAEA8BA22615459A00A115BE /* Release */,
			);
			defaultConfigurationIsVisible = 0;
			defaultConfigurationName = Release;
		};
/* End XCConfigurationList section */

/* Begin XCRemoteSwiftPackageReference section */
		CA7D5E4A2433FDBF00D12A8C /* XCRemoteSwiftPackageReference "KeychainAccess" */ = {
			isa = XCRemoteSwiftPackageReference;
			repositoryURL = "https://github.com/kishikawakatsumi/KeychainAccess";
			requirement = {
				kind = upToNextMajorVersion;
				minimumVersion = 4.1.0;
			};
		};
		CAD75153242F5ECA0054B164 /* XCRemoteSwiftPackageReference "SwiftyMarkdown" */ = {
			isa = XCRemoteSwiftPackageReference;
			repositoryURL = "https://github.com/SimonFairbairn/SwiftyMarkdown.git";
			requirement = {
				kind = upToNextMajorVersion;
				minimumVersion = 1.1.0;
			};
		};
		CAFA466B23D24BE7003C38AB /* XCRemoteSwiftPackageReference "loaf" */ = {
			isa = XCRemoteSwiftPackageReference;
			repositoryURL = "https://github.com/autoreleasefool/loaf";
			requirement = {
				branch = swiftui;
				kind = branch;
			};
		};
/* End XCRemoteSwiftPackageReference section */

/* Begin XCSwiftPackageProductDependency section */
		CA7525F2262CC392006317A5 /* HiveFoundation */ = {
			isa = XCSwiftPackageProductDependency;
			productName = HiveFoundation;
		};
		CA752624262CE2F8006317A5 /* HiveFoundation */ = {
			isa = XCSwiftPackageProductDependency;
			productName = HiveFoundation;
		};
		CA7D5E4B2433FDBF00D12A8C /* KeychainAccess */ = {
			isa = XCSwiftPackageProductDependency;
			package = CA7D5E4A2433FDBF00D12A8C /* XCRemoteSwiftPackageReference "KeychainAccess" */;
			productName = KeychainAccess;
		};
		CAD75154242F5ECA0054B164 /* SwiftyMarkdown */ = {
			isa = XCSwiftPackageProductDependency;
			package = CAD75153242F5ECA0054B164 /* XCRemoteSwiftPackageReference "SwiftyMarkdown" */;
			productName = SwiftyMarkdown;
		};
		CAFA466C23D24BE7003C38AB /* Loaf */ = {
			isa = XCSwiftPackageProductDependency;
			package = CAFA466B23D24BE7003C38AB /* XCRemoteSwiftPackageReference "loaf" */;
			productName = Loaf;
		};
/* End XCSwiftPackageProductDependency section */
	};
	rootObject = CA7299982393156100AD1285 /* Project object */;
}
