// !$*UTF8*$!
{
	archiveVersion = 1;
	classes = {
	};
	objectVersion = 52;
	objects = {

/* Begin PBXBuildFile section */
		CA0290D623CEF7B800A933F9 /* RoomDetail.swift in Sources */ = {isa = PBXBuildFile; fileRef = CA0290D523CEF7B800A933F9 /* RoomDetail.swift */; };
		CA0290D823CEF7FE00A933F9 /* RoomDetailViewModel.swift in Sources */ = {isa = PBXBuildFile; fileRef = CA0290D723CEF7FE00A933F9 /* RoomDetailViewModel.swift */; };
		CA0290DE23CFA08300A933F9 /* RefreshableList.swift in Sources */ = {isa = PBXBuildFile; fileRef = CA0290DD23CFA08300A933F9 /* RefreshableList.swift */; };
		CA40344923932603006C6BE3 /* HiveEngine in Frameworks */ = {isa = PBXBuildFile; productRef = CA40344823932603006C6BE3 /* HiveEngine */; };
		CA7299A42393156100AD1285 /* AppDelegate.swift in Sources */ = {isa = PBXBuildFile; fileRef = CA7299A32393156100AD1285 /* AppDelegate.swift */; };
		CA7299A82393156100AD1285 /* Experience.rcproject in Sources */ = {isa = PBXBuildFile; fileRef = CA7299A72393156100AD1285 /* Experience.rcproject */; };
		CA7299AA2393156400AD1285 /* Assets.xcassets in Resources */ = {isa = PBXBuildFile; fileRef = CA7299A92393156400AD1285 /* Assets.xcassets */; };
		CA7299AD2393156400AD1285 /* Preview Assets.xcassets in Resources */ = {isa = PBXBuildFile; fileRef = CA7299AC2393156400AD1285 /* Preview Assets.xcassets */; };
		CA7299B02393156400AD1285 /* LaunchScreen.storyboard in Resources */ = {isa = PBXBuildFile; fileRef = CA7299AE2393156400AD1285 /* LaunchScreen.storyboard */; };
		CABDFCCD23DB73E400C697AD /* HiveGameClient.swift in Sources */ = {isa = PBXBuildFile; fileRef = CABDFCCC23DB73E400C697AD /* HiveGameClient.swift */; };
		CABDFCD223DB7FBC00C697AD /* Theme.swift in Sources */ = {isa = PBXBuildFile; fileRef = CABDFCD123DB7FBC00C697AD /* Theme.swift */; };
		CABDFCD923DB89AA00C697AD /* Welcome.swift in Sources */ = {isa = PBXBuildFile; fileRef = CABDFCD823DB89AA00C697AD /* Welcome.swift */; };
		CABDFCDE23DBA17200C697AD /* BottomSheet.swift in Sources */ = {isa = PBXBuildFile; fileRef = CABDFCDD23DBA17200C697AD /* BottomSheet.swift */; };
		CABDFCE123DBAC5700C697AD /* GameInformation.swift in Sources */ = {isa = PBXBuildFile; fileRef = CABDFCE023DBAC5700C697AD /* GameInformation.swift */; };
		CABDFD0423DC7A0D00C697AD /* ARGameController.swift in Sources */ = {isa = PBXBuildFile; fileRef = CABDFD0323DC7A0D00C697AD /* ARGameController.swift */; };
		CABDFD0623DCA73500C697AD /* HexImage.swift in Sources */ = {isa = PBXBuildFile; fileRef = CABDFD0523DCA73500C697AD /* HexImage.swift */; };
		CABDFD0823DD9FE300C697AD /* PlayerPreview.swift in Sources */ = {isa = PBXBuildFile; fileRef = CABDFD0723DD9FE300C697AD /* PlayerPreview.swift */; };
		CABDFD0A23DDAB4C00C697AD /* GameState+Extensions.swift in Sources */ = {isa = PBXBuildFile; fileRef = CABDFD0923DDAB4C00C697AD /* GameState+Extensions.swift */; };
		CABDFD0E23DF8B4000C697AD /* Experience+Extensions.swift in Sources */ = {isa = PBXBuildFile; fileRef = CABDFD0D23DF8B4000C697AD /* Experience+Extensions.swift */; };
		CABDFD1023E0C87700C697AD /* PlayerHand.swift in Sources */ = {isa = PBXBuildFile; fileRef = CABDFD0F23E0C87700C697AD /* PlayerHand.swift */; };
		CABDFD1223E0C97000C697AD /* InformationHUD.swift in Sources */ = {isa = PBXBuildFile; fileRef = CABDFD1123E0C97000C697AD /* InformationHUD.swift */; };
		CABDFD1423E0DADD00C697AD /* PlayerHandHUD.swift in Sources */ = {isa = PBXBuildFile; fileRef = CABDFD1323E0DADD00C697AD /* PlayerHandHUD.swift */; };
		CAC685F923CCF4D400B882D2 /* Home.swift in Sources */ = {isa = PBXBuildFile; fileRef = CAC685F823CCF4D400B882D2 /* Home.swift */; };
		CAC685FE23CCF67300B882D2 /* Assets.swift in Sources */ = {isa = PBXBuildFile; fileRef = CAC685FD23CCF67300B882D2 /* Assets.swift */; };
		CAC6860023CD18C100B882D2 /* Metrics.swift in Sources */ = {isa = PBXBuildFile; fileRef = CAC685FF23CD18C100B882D2 /* Metrics.swift */; };
		CAC6860323CD1CA500B882D2 /* RoomList.swift in Sources */ = {isa = PBXBuildFile; fileRef = CAC6860223CD1CA500B882D2 /* RoomList.swift */; };
		CAC6860623CD228A00B882D2 /* EdgeInsets+Extensions.swift in Sources */ = {isa = PBXBuildFile; fileRef = CAC6860523CD228A00B882D2 /* EdgeInsets+Extensions.swift */; };
		CAC6860A23CD235100B882D2 /* RoomListViewModel.swift in Sources */ = {isa = PBXBuildFile; fileRef = CAC6860923CD235100B882D2 /* RoomListViewModel.swift */; };
		CAC6860E23CD236D00B882D2 /* Room.swift in Sources */ = {isa = PBXBuildFile; fileRef = CAC6860D23CD236D00B882D2 /* Room.swift */; };
		CAC6861023CE3F3700B882D2 /* HostingController.swift in Sources */ = {isa = PBXBuildFile; fileRef = CAC6860F23CE3F3700B882D2 /* HostingController.swift */; };
		CAC6861323CE440A00B882D2 /* HiveAPI.swift in Sources */ = {isa = PBXBuildFile; fileRef = CAC6861223CE440A00B882D2 /* HiveAPI.swift */; };
		CAC6861523CE4C0C00B882D2 /* HivePlayer.swift in Sources */ = {isa = PBXBuildFile; fileRef = CAC6861423CE4C0C00B882D2 /* HivePlayer.swift */; };
		CAC6861823CE4E6800B882D2 /* RoomRow.swift in Sources */ = {isa = PBXBuildFile; fileRef = CAC6861723CE4E6800B882D2 /* RoomRow.swift */; };
		CAC6861A23CE615800B882D2 /* ImageLoader.swift in Sources */ = {isa = PBXBuildFile; fileRef = CAC6861923CE615800B882D2 /* ImageLoader.swift */; };
		CAC6861F23CE6BDC00B882D2 /* RemoteImage.swift in Sources */ = {isa = PBXBuildFile; fileRef = CAC6861E23CE6BDC00B882D2 /* RemoteImage.swift */; };
		CAFA466D23D24BE7003C38AB /* Loaf in Frameworks */ = {isa = PBXBuildFile; productRef = CAFA466C23D24BE7003C38AB /* Loaf */; };
		CAFA467023D25B21003C38AB /* ViewModel.swift in Sources */ = {isa = PBXBuildFile; fileRef = CAFA466F23D25B21003C38AB /* ViewModel.swift */; };
		CAFA467423D8B3B1003C38AB /* GameContainer.swift in Sources */ = {isa = PBXBuildFile; fileRef = CAFA467323D8B3B1003C38AB /* GameContainer.swift */; };
		CAFA467623D8BCEF003C38AB /* HiveGameViewController.swift in Sources */ = {isa = PBXBuildFile; fileRef = CAFA467523D8BCEF003C38AB /* HiveGameViewController.swift */; };
		CAFA469A23DAD13B003C38AB /* ARGameViewModel.swift in Sources */ = {isa = PBXBuildFile; fileRef = CAFA469923DAD13B003C38AB /* ARGameViewModel.swift */; };
		CAFA469C23DAD215003C38AB /* GameHUD.swift in Sources */ = {isa = PBXBuildFile; fileRef = CAFA469B23DAD215003C38AB /* GameHUD.swift */; };
		CAFA469E23DAD254003C38AB /* UIView+Extensions.swift in Sources */ = {isa = PBXBuildFile; fileRef = CAFA469D23DAD254003C38AB /* UIView+Extensions.swift */; };
/* End PBXBuildFile section */

/* Begin PBXFileReference section */
		CA0290D523CEF7B800A933F9 /* RoomDetail.swift */ = {isa = PBXFileReference; lastKnownFileType = sourcecode.swift; path = RoomDetail.swift; sourceTree = "<group>"; };
		CA0290D723CEF7FE00A933F9 /* RoomDetailViewModel.swift */ = {isa = PBXFileReference; lastKnownFileType = sourcecode.swift; path = RoomDetailViewModel.swift; sourceTree = "<group>"; };
		CA0290DD23CFA08300A933F9 /* RefreshableList.swift */ = {isa = PBXFileReference; lastKnownFileType = sourcecode.swift; path = RefreshableList.swift; sourceTree = "<group>"; };
		CA7299A02393156100AD1285 /* Hive for iOS.app */ = {isa = PBXFileReference; explicitFileType = wrapper.application; includeInIndex = 0; path = "Hive for iOS.app"; sourceTree = BUILT_PRODUCTS_DIR; };
		CA7299A32393156100AD1285 /* AppDelegate.swift */ = {isa = PBXFileReference; lastKnownFileType = sourcecode.swift; path = AppDelegate.swift; sourceTree = "<group>"; };
		CA7299A72393156100AD1285 /* Experience.rcproject */ = {isa = PBXFileReference; lastKnownFileType = file.rcproject; path = Experience.rcproject; sourceTree = "<group>"; };
		CA7299A92393156400AD1285 /* Assets.xcassets */ = {isa = PBXFileReference; lastKnownFileType = folder.assetcatalog; path = Assets.xcassets; sourceTree = "<group>"; };
		CA7299AC2393156400AD1285 /* Preview Assets.xcassets */ = {isa = PBXFileReference; lastKnownFileType = folder.assetcatalog; path = "Preview Assets.xcassets"; sourceTree = "<group>"; };
		CA7299AF2393156400AD1285 /* Base */ = {isa = PBXFileReference; lastKnownFileType = file.storyboard; name = Base; path = Base.lproj/LaunchScreen.storyboard; sourceTree = "<group>"; };
		CA7299B12393156400AD1285 /* Info.plist */ = {isa = PBXFileReference; lastKnownFileType = text.plist.xml; path = Info.plist; sourceTree = "<group>"; };
		CABDFCCC23DB73E400C697AD /* HiveGameClient.swift */ = {isa = PBXFileReference; lastKnownFileType = sourcecode.swift; path = HiveGameClient.swift; sourceTree = "<group>"; };
		CABDFCD123DB7FBC00C697AD /* Theme.swift */ = {isa = PBXFileReference; lastKnownFileType = sourcecode.swift; path = Theme.swift; sourceTree = "<group>"; };
		CABDFCD823DB89AA00C697AD /* Welcome.swift */ = {isa = PBXFileReference; lastKnownFileType = sourcecode.swift; path = Welcome.swift; sourceTree = "<group>"; };
		CABDFCDD23DBA17200C697AD /* BottomSheet.swift */ = {isa = PBXFileReference; lastKnownFileType = sourcecode.swift; path = BottomSheet.swift; sourceTree = "<group>"; };
		CABDFCE023DBAC5700C697AD /* GameInformation.swift */ = {isa = PBXFileReference; lastKnownFileType = sourcecode.swift; path = GameInformation.swift; sourceTree = "<group>"; };
		CABDFD0323DC7A0D00C697AD /* ARGameController.swift */ = {isa = PBXFileReference; lastKnownFileType = sourcecode.swift; path = ARGameController.swift; sourceTree = "<group>"; };
		CABDFD0523DCA73500C697AD /* HexImage.swift */ = {isa = PBXFileReference; lastKnownFileType = sourcecode.swift; path = HexImage.swift; sourceTree = "<group>"; };
		CABDFD0723DD9FE300C697AD /* PlayerPreview.swift */ = {isa = PBXFileReference; lastKnownFileType = sourcecode.swift; path = PlayerPreview.swift; sourceTree = "<group>"; };
		CABDFD0923DDAB4C00C697AD /* GameState+Extensions.swift */ = {isa = PBXFileReference; lastKnownFileType = sourcecode.swift; path = "GameState+Extensions.swift"; sourceTree = "<group>"; };
		CABDFD0D23DF8B4000C697AD /* Experience+Extensions.swift */ = {isa = PBXFileReference; lastKnownFileType = sourcecode.swift; path = "Experience+Extensions.swift"; sourceTree = "<group>"; };
		CABDFD0F23E0C87700C697AD /* PlayerHand.swift */ = {isa = PBXFileReference; lastKnownFileType = sourcecode.swift; path = PlayerHand.swift; sourceTree = "<group>"; };
		CABDFD1123E0C97000C697AD /* InformationHUD.swift */ = {isa = PBXFileReference; lastKnownFileType = sourcecode.swift; path = InformationHUD.swift; sourceTree = "<group>"; };
		CABDFD1323E0DADD00C697AD /* PlayerHandHUD.swift */ = {isa = PBXFileReference; lastKnownFileType = sourcecode.swift; path = PlayerHandHUD.swift; sourceTree = "<group>"; };
		CAC685F823CCF4D400B882D2 /* Home.swift */ = {isa = PBXFileReference; lastKnownFileType = sourcecode.swift; path = Home.swift; sourceTree = "<group>"; };
		CAC685FD23CCF67300B882D2 /* Assets.swift */ = {isa = PBXFileReference; lastKnownFileType = sourcecode.swift; path = Assets.swift; sourceTree = "<group>"; };
		CAC685FF23CD18C100B882D2 /* Metrics.swift */ = {isa = PBXFileReference; lastKnownFileType = sourcecode.swift; path = Metrics.swift; sourceTree = "<group>"; };
		CAC6860223CD1CA500B882D2 /* RoomList.swift */ = {isa = PBXFileReference; lastKnownFileType = sourcecode.swift; path = RoomList.swift; sourceTree = "<group>"; };
		CAC6860523CD228A00B882D2 /* EdgeInsets+Extensions.swift */ = {isa = PBXFileReference; lastKnownFileType = sourcecode.swift; path = "EdgeInsets+Extensions.swift"; sourceTree = "<group>"; };
		CAC6860923CD235100B882D2 /* RoomListViewModel.swift */ = {isa = PBXFileReference; lastKnownFileType = sourcecode.swift; path = RoomListViewModel.swift; sourceTree = "<group>"; };
		CAC6860D23CD236D00B882D2 /* Room.swift */ = {isa = PBXFileReference; lastKnownFileType = sourcecode.swift; path = Room.swift; sourceTree = "<group>"; };
		CAC6860F23CE3F3700B882D2 /* HostingController.swift */ = {isa = PBXFileReference; lastKnownFileType = sourcecode.swift; path = HostingController.swift; sourceTree = "<group>"; };
		CAC6861223CE440A00B882D2 /* HiveAPI.swift */ = {isa = PBXFileReference; lastKnownFileType = sourcecode.swift; path = HiveAPI.swift; sourceTree = "<group>"; };
		CAC6861423CE4C0C00B882D2 /* HivePlayer.swift */ = {isa = PBXFileReference; lastKnownFileType = sourcecode.swift; path = HivePlayer.swift; sourceTree = "<group>"; };
		CAC6861723CE4E6800B882D2 /* RoomRow.swift */ = {isa = PBXFileReference; lastKnownFileType = sourcecode.swift; path = RoomRow.swift; sourceTree = "<group>"; };
		CAC6861923CE615800B882D2 /* ImageLoader.swift */ = {isa = PBXFileReference; lastKnownFileType = sourcecode.swift; path = ImageLoader.swift; sourceTree = "<group>"; };
		CAC6861E23CE6BDC00B882D2 /* RemoteImage.swift */ = {isa = PBXFileReference; lastKnownFileType = sourcecode.swift; path = RemoteImage.swift; sourceTree = "<group>"; };
		CAFA466F23D25B21003C38AB /* ViewModel.swift */ = {isa = PBXFileReference; lastKnownFileType = sourcecode.swift; path = ViewModel.swift; sourceTree = "<group>"; };
		CAFA467323D8B3B1003C38AB /* GameContainer.swift */ = {isa = PBXFileReference; lastKnownFileType = sourcecode.swift; path = GameContainer.swift; sourceTree = "<group>"; };
		CAFA467523D8BCEF003C38AB /* HiveGameViewController.swift */ = {isa = PBXFileReference; lastKnownFileType = sourcecode.swift; path = HiveGameViewController.swift; sourceTree = "<group>"; };
		CAFA469923DAD13B003C38AB /* ARGameViewModel.swift */ = {isa = PBXFileReference; lastKnownFileType = sourcecode.swift; path = ARGameViewModel.swift; sourceTree = "<group>"; };
		CAFA469B23DAD215003C38AB /* GameHUD.swift */ = {isa = PBXFileReference; lastKnownFileType = sourcecode.swift; path = GameHUD.swift; sourceTree = "<group>"; };
		CAFA469D23DAD254003C38AB /* UIView+Extensions.swift */ = {isa = PBXFileReference; lastKnownFileType = sourcecode.swift; path = "UIView+Extensions.swift"; sourceTree = "<group>"; };
/* End PBXFileReference section */

/* Begin PBXFrameworksBuildPhase section */
		CA72999D2393156100AD1285 /* Frameworks */ = {
			isa = PBXFrameworksBuildPhase;
			buildActionMask = 2147483647;
			files = (
				CAFA466D23D24BE7003C38AB /* Loaf in Frameworks */,
				CA40344923932603006C6BE3 /* HiveEngine in Frameworks */,
			);
			runOnlyForDeploymentPostprocessing = 0;
		};
/* End PBXFrameworksBuildPhase section */

/* Begin PBXGroup section */
		CA7299972393156100AD1285 = {
			isa = PBXGroup;
			children = (
				CA7299A22393156100AD1285 /* Hive-for-iOS */,
				CA7299A12393156100AD1285 /* Products */,
			);
			sourceTree = "<group>";
		};
		CA7299A12393156100AD1285 /* Products */ = {
			isa = PBXGroup;
			children = (
				CA7299A02393156100AD1285 /* Hive for iOS.app */,
			);
			name = Products;
			sourceTree = "<group>";
		};
		CA7299A22393156100AD1285 /* Hive-for-iOS */ = {
			isa = PBXGroup;
			children = (
				CA7299B8239320EF00AD1285 /* Resources */,
				CA7299B7239320EA00AD1285 /* Source */,
				CA7299B12393156400AD1285 /* Info.plist */,
				CA7299AB2393156400AD1285 /* Preview Content */,
			);
			path = "Hive-for-iOS";
			sourceTree = "<group>";
		};
		CA7299AB2393156400AD1285 /* Preview Content */ = {
			isa = PBXGroup;
			children = (
				CA7299AC2393156400AD1285 /* Preview Assets.xcassets */,
			);
			path = "Preview Content";
			sourceTree = "<group>";
		};
		CA7299B7239320EA00AD1285 /* Source */ = {
			isa = PBXGroup;
			children = (
				CAC6861123CE43F600B882D2 /* API */,
				CAC685FA23CCF65F00B882D2 /* Common */,
				CAC6860423CD227A00B882D2 /* Extensions */,
				CAFA467123D8B38F003C38AB /* Game */,
				CAC685F723CCE9FA00B882D2 /* Sections */,
				CA7299A32393156100AD1285 /* AppDelegate.swift */,
			);
			path = Source;
			sourceTree = "<group>";
		};
		CA7299B8239320EF00AD1285 /* Resources */ = {
			isa = PBXGroup;
			children = (
				CA7299AE2393156400AD1285 /* LaunchScreen.storyboard */,
				CA7299A92393156400AD1285 /* Assets.xcassets */,
				CA7299A72393156100AD1285 /* Experience.rcproject */,
			);
			path = Resources;
			sourceTree = "<group>";
		};
		CABDFCD723DB899E00C697AD /* View */ = {
			isa = PBXGroup;
			children = (
				CABDFCD823DB89AA00C697AD /* Welcome.swift */,
			);
			path = View;
			sourceTree = "<group>";
		};
		CABDFCDF23DBAC3E00C697AD /* Model */ = {
			isa = PBXGroup;
			children = (
				CABDFCE023DBAC5700C697AD /* GameInformation.swift */,
				CABDFD0F23E0C87700C697AD /* PlayerHand.swift */,
			);
			path = Model;
			sourceTree = "<group>";
		};
		CAC685F623CCE9F400B882D2 /* Home */ = {
			isa = PBXGroup;
			children = (
				CABDFCD723DB899E00C697AD /* View */,
				CAC685F823CCF4D400B882D2 /* Home.swift */,
			);
			path = Home;
			sourceTree = "<group>";
		};
		CAC685F723CCE9FA00B882D2 /* Sections */ = {
			isa = PBXGroup;
			children = (
				CAC685F623CCE9F400B882D2 /* Home */,
				CAFA467223D8B39F003C38AB /* Game */,
				CAC6860123CD1C9B00B882D2 /* Rooms */,
			);
			path = Sections;
			sourceTree = "<group>";
		};
		CAC685FA23CCF65F00B882D2 /* Common */ = {
			isa = PBXGroup;
			children = (
				CAFA466E23D25B10003C38AB /* MVVM */,
				CAC6861B23CE6AFD00B882D2 /* View */,
				CAC685FD23CCF67300B882D2 /* Assets.swift */,
				CAC6860F23CE3F3700B882D2 /* HostingController.swift */,
				CAC6861923CE615800B882D2 /* ImageLoader.swift */,
				CAC685FF23CD18C100B882D2 /* Metrics.swift */,
				CABDFCD123DB7FBC00C697AD /* Theme.swift */,
			);
			path = Common;
			sourceTree = "<group>";
		};
		CAC6860123CD1C9B00B882D2 /* Rooms */ = {
			isa = PBXGroup;
			children = (
				CAC6860B23CD235D00B882D2 /* Model */,
				CAC6861623CE4E5D00B882D2 /* View */,
				CAC6860723CD233F00B882D2 /* ViewModel */,
				CAC6860223CD1CA500B882D2 /* RoomList.swift */,
			);
			path = Rooms;
			sourceTree = "<group>";
		};
		CAC6860423CD227A00B882D2 /* Extensions */ = {
			isa = PBXGroup;
			children = (
				CAC6860523CD228A00B882D2 /* EdgeInsets+Extensions.swift */,
				CABDFD0923DDAB4C00C697AD /* GameState+Extensions.swift */,
				CAFA469D23DAD254003C38AB /* UIView+Extensions.swift */,
			);
			path = Extensions;
			sourceTree = "<group>";
		};
		CAC6860723CD233F00B882D2 /* ViewModel */ = {
			isa = PBXGroup;
			children = (
				CA0290D723CEF7FE00A933F9 /* RoomDetailViewModel.swift */,
				CAC6860923CD235100B882D2 /* RoomListViewModel.swift */,
			);
			path = ViewModel;
			sourceTree = "<group>";
		};
		CAC6860B23CD235D00B882D2 /* Model */ = {
			isa = PBXGroup;
			children = (
				CAC6861423CE4C0C00B882D2 /* HivePlayer.swift */,
				CAC6860D23CD236D00B882D2 /* Room.swift */,
			);
			path = Model;
			sourceTree = "<group>";
		};
		CAC6861123CE43F600B882D2 /* API */ = {
			isa = PBXGroup;
			children = (
				CAC6861223CE440A00B882D2 /* HiveAPI.swift */,
				CABDFCCC23DB73E400C697AD /* HiveGameClient.swift */,
			);
			path = API;
			sourceTree = "<group>";
		};
		CAC6861623CE4E5D00B882D2 /* View */ = {
			isa = PBXGroup;
			children = (
				CABDFD0723DD9FE300C697AD /* PlayerPreview.swift */,
				CAC6861723CE4E6800B882D2 /* RoomRow.swift */,
				CA0290D523CEF7B800A933F9 /* RoomDetail.swift */,
			);
			path = View;
			sourceTree = "<group>";
		};
		CAC6861B23CE6AFD00B882D2 /* View */ = {
			isa = PBXGroup;
			children = (
				CABDFD0523DCA73500C697AD /* HexImage.swift */,
				CAC6861E23CE6BDC00B882D2 /* RemoteImage.swift */,
				CA0290DD23CFA08300A933F9 /* RefreshableList.swift */,
				CABDFCDD23DBA17200C697AD /* BottomSheet.swift */,
			);
			path = View;
			sourceTree = "<group>";
		};
		CAFA466E23D25B10003C38AB /* MVVM */ = {
			isa = PBXGroup;
			children = (
				CAFA466F23D25B21003C38AB /* ViewModel.swift */,
			);
			path = MVVM;
			sourceTree = "<group>";
		};
		CAFA467123D8B38F003C38AB /* Game */ = {
			isa = PBXGroup;
			children = (
				CAFA467523D8BCEF003C38AB /* HiveGameViewController.swift */,
				CABDFD0323DC7A0D00C697AD /* ARGameController.swift */,
				CABDFD0D23DF8B4000C697AD /* Experience+Extensions.swift */,
			);
			path = Game;
			sourceTree = "<group>";
		};
		CAFA467223D8B39F003C38AB /* Game */ = {
			isa = PBXGroup;
			children = (
				CABDFCDF23DBAC3E00C697AD /* Model */,
				CAFA469723DAD114003C38AB /* View */,
				CAFA469823DAD11D003C38AB /* ViewModel */,
				CAFA467323D8B3B1003C38AB /* GameContainer.swift */,
			);
			path = Game;
			sourceTree = "<group>";
		};
		CAFA469723DAD114003C38AB /* View */ = {
			isa = PBXGroup;
			children = (
				CAFA469B23DAD215003C38AB /* GameHUD.swift */,
				CABDFD1123E0C97000C697AD /* InformationHUD.swift */,
				CABDFD1323E0DADD00C697AD /* PlayerHandHUD.swift */,
			);
			path = View;
			sourceTree = "<group>";
		};
		CAFA469823DAD11D003C38AB /* ViewModel */ = {
			isa = PBXGroup;
			children = (
				CAFA469923DAD13B003C38AB /* ARGameViewModel.swift */,
			);
			path = ViewModel;
			sourceTree = "<group>";
		};
/* End PBXGroup section */

/* Begin PBXNativeTarget section */
		CA72999F2393156100AD1285 /* Hive-for-iOS */ = {
			isa = PBXNativeTarget;
			buildConfigurationList = CA7299B42393156400AD1285 /* Build configuration list for PBXNativeTarget "Hive-for-iOS" */;
			buildPhases = (
				CABDFCDC23DB935700C697AD /* ShellScript */,
				CA72999C2393156100AD1285 /* Sources */,
				CA72999D2393156100AD1285 /* Frameworks */,
				CA72999E2393156100AD1285 /* Resources */,
			);
			buildRules = (
			);
			dependencies = (
			);
			name = "Hive-for-iOS";
			packageProductDependencies = (
				CA40344823932603006C6BE3 /* HiveEngine */,
				CAFA466C23D24BE7003C38AB /* Loaf */,
			);
			productName = "Hive for iOS";
			productReference = CA7299A02393156100AD1285 /* Hive for iOS.app */;
			productType = "com.apple.product-type.application";
		};
/* End PBXNativeTarget section */

/* Begin PBXProject section */
		CA7299982393156100AD1285 /* Project object */ = {
			isa = PBXProject;
			attributes = {
				LastSwiftUpdateCheck = 1110;
				LastUpgradeCheck = 1110;
				ORGANIZATIONNAME = "Joseph Roque";
				TargetAttributes = {
					CA72999F2393156100AD1285 = {
						CreatedOnToolsVersion = 11.1;
					};
				};
			};
			buildConfigurationList = CA72999B2393156100AD1285 /* Build configuration list for PBXProject "Hive-for-iOS" */;
			compatibilityVersion = "Xcode 9.3";
			developmentRegion = en;
			hasScannedForEncodings = 0;
			knownRegions = (
				en,
				Base,
			);
			mainGroup = CA7299972393156100AD1285;
			packageReferences = (
				CA40344723932603006C6BE3 /* XCRemoteSwiftPackageReference "hive-engine" */,
				CAFA466B23D24BE7003C38AB /* XCRemoteSwiftPackageReference "loaf" */,
			);
			productRefGroup = CA7299A12393156100AD1285 /* Products */;
			projectDirPath = "";
			projectRoot = "";
			targets = (
				CA72999F2393156100AD1285 /* Hive-for-iOS */,
			);
		};
/* End PBXProject section */

/* Begin PBXResourcesBuildPhase section */
		CA72999E2393156100AD1285 /* Resources */ = {
			isa = PBXResourcesBuildPhase;
			buildActionMask = 2147483647;
			files = (
				CA7299B02393156400AD1285 /* LaunchScreen.storyboard in Resources */,
				CA7299AD2393156400AD1285 /* Preview Assets.xcassets in Resources */,
				CA7299AA2393156400AD1285 /* Assets.xcassets in Resources */,
			);
			runOnlyForDeploymentPostprocessing = 0;
		};
/* End PBXResourcesBuildPhase section */

/* Begin PBXShellScriptBuildPhase section */
		CABDFCDC23DB935700C697AD /* ShellScript */ = {
			isa = PBXShellScriptBuildPhase;
			buildActionMask = 2147483647;
			files = (
			);
			inputFileListPaths = (
			);
			inputPaths = (
			);
			outputFileListPaths = (
			);
			outputPaths = (
			);
			runOnlyForDeploymentPostprocessing = 0;
			shellPath = /bin/sh;
			shellScript = "if which swiftlint >/dev/null; then\n  swiftlint\nelse\n  echo \"warning: SwiftLint not installed, download from https://github.com/realm/SwiftLint\"\nfi\n";
		};
/* End PBXShellScriptBuildPhase section */

/* Begin PBXSourcesBuildPhase section */
		CA72999C2393156100AD1285 /* Sources */ = {
			isa = PBXSourcesBuildPhase;
			buildActionMask = 2147483647;
			files = (
				CAC6861A23CE615800B882D2 /* ImageLoader.swift in Sources */,
				CAC6860323CD1CA500B882D2 /* RoomList.swift in Sources */,
				CA7299A42393156100AD1285 /* AppDelegate.swift in Sources */,
				CAC685F923CCF4D400B882D2 /* Home.swift in Sources */,
				CAC6861F23CE6BDC00B882D2 /* RemoteImage.swift in Sources */,
				CAC6861023CE3F3700B882D2 /* HostingController.swift in Sources */,
				CAFA469E23DAD254003C38AB /* UIView+Extensions.swift in Sources */,
				CAC6861523CE4C0C00B882D2 /* HivePlayer.swift in Sources */,
				CAFA467623D8BCEF003C38AB /* HiveGameViewController.swift in Sources */,
				CABDFCCD23DB73E400C697AD /* HiveGameClient.swift in Sources */,
				CABDFCE123DBAC5700C697AD /* GameInformation.swift in Sources */,
				CAFA469A23DAD13B003C38AB /* ARGameViewModel.swift in Sources */,
				CAC6860023CD18C100B882D2 /* Metrics.swift in Sources */,
				CAC685FE23CCF67300B882D2 /* Assets.swift in Sources */,
				CAC6861323CE440A00B882D2 /* HiveAPI.swift in Sources */,
				CABDFCDE23DBA17200C697AD /* BottomSheet.swift in Sources */,
				CA0290D623CEF7B800A933F9 /* RoomDetail.swift in Sources */,
				CAFA467023D25B21003C38AB /* ViewModel.swift in Sources */,
				CAC6860E23CD236D00B882D2 /* Room.swift in Sources */,
				CABDFCD223DB7FBC00C697AD /* Theme.swift in Sources */,
				CAC6860623CD228A00B882D2 /* EdgeInsets+Extensions.swift in Sources */,
				CABDFCD923DB89AA00C697AD /* Welcome.swift in Sources */,
				CAC6861823CE4E6800B882D2 /* RoomRow.swift in Sources */,
				CABDFD0A23DDAB4C00C697AD /* GameState+Extensions.swift in Sources */,
				CABDFD0823DD9FE300C697AD /* PlayerPreview.swift in Sources */,
				CABDFD1423E0DADD00C697AD /* PlayerHandHUD.swift in Sources */,
				CABDFD0423DC7A0D00C697AD /* ARGameController.swift in Sources */,
				CABDFD1223E0C97000C697AD /* InformationHUD.swift in Sources */,
				CAFA469C23DAD215003C38AB /* GameHUD.swift in Sources */,
				CABDFD0623DCA73500C697AD /* HexImage.swift in Sources */,
				CABDFD1023E0C87700C697AD /* PlayerHand.swift in Sources */,
				CAFA467423D8B3B1003C38AB /* GameContainer.swift in Sources */,
				CA7299A82393156100AD1285 /* Experience.rcproject in Sources */,
				CABDFD0E23DF8B4000C697AD /* Experience+Extensions.swift in Sources */,
				CAC6860A23CD235100B882D2 /* RoomListViewModel.swift in Sources */,
				CA0290D823CEF7FE00A933F9 /* RoomDetailViewModel.swift in Sources */,
				CA0290DE23CFA08300A933F9 /* RefreshableList.swift in Sources */,
			);
			runOnlyForDeploymentPostprocessing = 0;
		};
/* End PBXSourcesBuildPhase section */

/* Begin PBXVariantGroup section */
		CA7299AE2393156400AD1285 /* LaunchScreen.storyboard */ = {
			isa = PBXVariantGroup;
			children = (
				CA7299AF2393156400AD1285 /* Base */,
			);
			name = LaunchScreen.storyboard;
			sourceTree = "<group>";
		};
/* End PBXVariantGroup section */

/* Begin XCBuildConfiguration section */
		CA7299B22393156400AD1285 /* Debug */ = {
			isa = XCBuildConfiguration;
			buildSettings = {
				ALWAYS_SEARCH_USER_PATHS = NO;
				CLANG_ANALYZER_NONNULL = YES;
				CLANG_ANALYZER_NUMBER_OBJECT_CONVERSION = YES_AGGRESSIVE;
				CLANG_CXX_LANGUAGE_STANDARD = "gnu++14";
				CLANG_CXX_LIBRARY = "libc++";
				CLANG_ENABLE_MODULES = YES;
				CLANG_ENABLE_OBJC_ARC = YES;
				CLANG_ENABLE_OBJC_WEAK = YES;
				CLANG_WARN_BLOCK_CAPTURE_AUTORELEASING = YES;
				CLANG_WARN_BOOL_CONVERSION = YES;
				CLANG_WARN_COMMA = YES;
				CLANG_WARN_CONSTANT_CONVERSION = YES;
				CLANG_WARN_DEPRECATED_OBJC_IMPLEMENTATIONS = YES;
				CLANG_WARN_DIRECT_OBJC_ISA_USAGE = YES_ERROR;
				CLANG_WARN_DOCUMENTATION_COMMENTS = YES;
				CLANG_WARN_EMPTY_BODY = YES;
				CLANG_WARN_ENUM_CONVERSION = YES;
				CLANG_WARN_INFINITE_RECURSION = YES;
				CLANG_WARN_INT_CONVERSION = YES;
				CLANG_WARN_NON_LITERAL_NULL_CONVERSION = YES;
				CLANG_WARN_OBJC_IMPLICIT_RETAIN_SELF = YES;
				CLANG_WARN_OBJC_LITERAL_CONVERSION = YES;
				CLANG_WARN_OBJC_ROOT_CLASS = YES_ERROR;
				CLANG_WARN_RANGE_LOOP_ANALYSIS = YES;
				CLANG_WARN_STRICT_PROTOTYPES = YES;
				CLANG_WARN_SUSPICIOUS_MOVE = YES;
				CLANG_WARN_UNGUARDED_AVAILABILITY = YES_AGGRESSIVE;
				CLANG_WARN_UNREACHABLE_CODE = YES;
				CLANG_WARN__DUPLICATE_METHOD_MATCH = YES;
				COPY_PHASE_STRIP = NO;
				DEBUG_INFORMATION_FORMAT = dwarf;
				ENABLE_STRICT_OBJC_MSGSEND = YES;
				ENABLE_TESTABILITY = YES;
				GCC_C_LANGUAGE_STANDARD = gnu11;
				GCC_DYNAMIC_NO_PIC = NO;
				GCC_NO_COMMON_BLOCKS = YES;
				GCC_OPTIMIZATION_LEVEL = 0;
				GCC_PREPROCESSOR_DEFINITIONS = (
					"DEBUG=1",
					"$(inherited)",
				);
				GCC_WARN_64_TO_32_BIT_CONVERSION = YES;
				GCC_WARN_ABOUT_RETURN_TYPE = YES_ERROR;
				GCC_WARN_UNDECLARED_SELECTOR = YES;
				GCC_WARN_UNINITIALIZED_AUTOS = YES_AGGRESSIVE;
				GCC_WARN_UNUSED_FUNCTION = YES;
				GCC_WARN_UNUSED_VARIABLE = YES;
				IPHONEOS_DEPLOYMENT_TARGET = 13.1;
				MTL_ENABLE_DEBUG_INFO = INCLUDE_SOURCE;
				MTL_FAST_MATH = YES;
				ONLY_ACTIVE_ARCH = YES;
				SDKROOT = iphoneos;
				SWIFT_ACTIVE_COMPILATION_CONDITIONS = DEBUG;
				SWIFT_OPTIMIZATION_LEVEL = "-Onone";
				SWIFT_VERSION = 5.0;
			};
			name = Debug;
		};
		CA7299B32393156400AD1285 /* Release */ = {
			isa = XCBuildConfiguration;
			buildSettings = {
				ALWAYS_SEARCH_USER_PATHS = NO;
				CLANG_ANALYZER_NONNULL = YES;
				CLANG_ANALYZER_NUMBER_OBJECT_CONVERSION = YES_AGGRESSIVE;
				CLANG_CXX_LANGUAGE_STANDARD = "gnu++14";
				CLANG_CXX_LIBRARY = "libc++";
				CLANG_ENABLE_MODULES = YES;
				CLANG_ENABLE_OBJC_ARC = YES;
				CLANG_ENABLE_OBJC_WEAK = YES;
				CLANG_WARN_BLOCK_CAPTURE_AUTORELEASING = YES;
				CLANG_WARN_BOOL_CONVERSION = YES;
				CLANG_WARN_COMMA = YES;
				CLANG_WARN_CONSTANT_CONVERSION = YES;
				CLANG_WARN_DEPRECATED_OBJC_IMPLEMENTATIONS = YES;
				CLANG_WARN_DIRECT_OBJC_ISA_USAGE = YES_ERROR;
				CLANG_WARN_DOCUMENTATION_COMMENTS = YES;
				CLANG_WARN_EMPTY_BODY = YES;
				CLANG_WARN_ENUM_CONVERSION = YES;
				CLANG_WARN_INFINITE_RECURSION = YES;
				CLANG_WARN_INT_CONVERSION = YES;
				CLANG_WARN_NON_LITERAL_NULL_CONVERSION = YES;
				CLANG_WARN_OBJC_IMPLICIT_RETAIN_SELF = YES;
				CLANG_WARN_OBJC_LITERAL_CONVERSION = YES;
				CLANG_WARN_OBJC_ROOT_CLASS = YES_ERROR;
				CLANG_WARN_RANGE_LOOP_ANALYSIS = YES;
				CLANG_WARN_STRICT_PROTOTYPES = YES;
				CLANG_WARN_SUSPICIOUS_MOVE = YES;
				CLANG_WARN_UNGUARDED_AVAILABILITY = YES_AGGRESSIVE;
				CLANG_WARN_UNREACHABLE_CODE = YES;
				CLANG_WARN__DUPLICATE_METHOD_MATCH = YES;
				COPY_PHASE_STRIP = NO;
				DEBUG_INFORMATION_FORMAT = "dwarf-with-dsym";
				ENABLE_NS_ASSERTIONS = NO;
				ENABLE_STRICT_OBJC_MSGSEND = YES;
				GCC_C_LANGUAGE_STANDARD = gnu11;
				GCC_NO_COMMON_BLOCKS = YES;
				GCC_WARN_64_TO_32_BIT_CONVERSION = YES;
				GCC_WARN_ABOUT_RETURN_TYPE = YES_ERROR;
				GCC_WARN_UNDECLARED_SELECTOR = YES;
				GCC_WARN_UNINITIALIZED_AUTOS = YES_AGGRESSIVE;
				GCC_WARN_UNUSED_FUNCTION = YES;
				GCC_WARN_UNUSED_VARIABLE = YES;
				IPHONEOS_DEPLOYMENT_TARGET = 13.1;
				MTL_ENABLE_DEBUG_INFO = NO;
				MTL_FAST_MATH = YES;
				SDKROOT = iphoneos;
				SWIFT_COMPILATION_MODE = wholemodule;
				SWIFT_OPTIMIZATION_LEVEL = "-O";
				SWIFT_VERSION = 5.0;
				VALIDATE_PRODUCT = YES;
			};
			name = Release;
		};
		CA7299B52393156400AD1285 /* Debug */ = {
			isa = XCBuildConfiguration;
			buildSettings = {
				ASSETCATALOG_COMPILER_APPICON_NAME = AppIcon;
				CODE_SIGN_STYLE = Automatic;
				CURRENT_PROJECT_VERSION = 1;
				DEVELOPMENT_ASSET_PATHS = "Hive-for-iOS/Preview\\ Content";
				DEVELOPMENT_TEAM = 3UBRXR267C;
				ENABLE_PREVIEWS = YES;
				INFOPLIST_FILE = "Hive-for-iOS/Info.plist";
				LD_RUNPATH_SEARCH_PATHS = (
					"$(inherited)",
					"@executable_path/Frameworks",
				);
				MARKETING_VERSION = 1.0.0;
				PRODUCT_BUNDLE_IDENTIFIER = "ca.josephroque.Hive-for-iOS";
				PRODUCT_NAME = "Hive for iOS";
				TARGETED_DEVICE_FAMILY = "1,2";
			};
			name = Debug;
		};
		CA7299B62393156400AD1285 /* Release */ = {
			isa = XCBuildConfiguration;
			buildSettings = {
				ASSETCATALOG_COMPILER_APPICON_NAME = AppIcon;
				CODE_SIGN_STYLE = Automatic;
				CURRENT_PROJECT_VERSION = 1;
				DEVELOPMENT_ASSET_PATHS = "Hive-for-iOS/Preview\\ Content";
				DEVELOPMENT_TEAM = 3UBRXR267C;
				ENABLE_PREVIEWS = YES;
				INFOPLIST_FILE = "Hive for iOS/Info.plist";
				LD_RUNPATH_SEARCH_PATHS = (
					"$(inherited)",
					"@executable_path/Frameworks",
				);
				MARKETING_VERSION = 1.0.0;
				PRODUCT_BUNDLE_IDENTIFIER = "ca.josephroque.Hive-for-iOS";
				PRODUCT_NAME = "Hive-for-iOS";
				TARGETED_DEVICE_FAMILY = "1,2";
			};
			name = Release;
		};
/* End XCBuildConfiguration section */

/* Begin XCConfigurationList section */
		CA72999B2393156100AD1285 /* Build configuration list for PBXProject "Hive-for-iOS" */ = {
			isa = XCConfigurationList;
			buildConfigurations = (
				CA7299B22393156400AD1285 /* Debug */,
				CA7299B32393156400AD1285 /* Release */,
			);
			defaultConfigurationIsVisible = 0;
			defaultConfigurationName = Release;
		};
		CA7299B42393156400AD1285 /* Build configuration list for PBXNativeTarget "Hive-for-iOS" */ = {
			isa = XCConfigurationList;
			buildConfigurations = (
				CA7299B52393156400AD1285 /* Debug */,
				CA7299B62393156400AD1285 /* Release */,
			);
			defaultConfigurationIsVisible = 0;
			defaultConfigurationName = Release;
		};
/* End XCConfigurationList section */

/* Begin XCRemoteSwiftPackageReference section */
		CA40344723932603006C6BE3 /* XCRemoteSwiftPackageReference "hive-engine" */ = {
			isa = XCRemoteSwiftPackageReference;
			repositoryURL = "https://github.com/josephroquedev/hive-engine.git";
			requirement = {
				kind = upToNextMajorVersion;
				minimumVersion = 2.2.0;
			};
		};
		CAFA466B23D24BE7003C38AB /* XCRemoteSwiftPackageReference "loaf" */ = {
			isa = XCRemoteSwiftPackageReference;
			repositoryURL = "https://github.com/josephroquedev/loaf";
			requirement = {
				branch = swiftui;
				kind = branch;
			};
		};
/* End XCRemoteSwiftPackageReference section */

/* Begin XCSwiftPackageProductDependency section */
		CA40344823932603006C6BE3 /* HiveEngine */ = {
			isa = XCSwiftPackageProductDependency;
			package = CA40344723932603006C6BE3 /* XCRemoteSwiftPackageReference "hive-engine" */;
			productName = HiveEngine;
		};
		CAFA466C23D24BE7003C38AB /* Loaf */ = {
			isa = XCSwiftPackageProductDependency;
			package = CAFA466B23D24BE7003C38AB /* XCRemoteSwiftPackageReference "loaf" */;
			productName = Loaf;
		};
/* End XCSwiftPackageProductDependency section */
	};
	rootObject = CA7299982393156100AD1285 /* Project object */;
}
