{
  "object": {
    "pins": [
      {
        "package": "HiveEngine",
        "repositoryURL": "https://github.com/josephroquedev/hive-engine.git",
        "state": {
          "branch": null,
          "revision": "d6b850c3aaacf8820816523de267c5d01de31363",
          "version": "3.1.2"
        }
      },
      {
        "package": "KeychainAccess",
        "repositoryURL": "https://github.com/kishikawakatsumi/KeychainAccess",
        "state": {
          "branch": null,
          "revision": "b920ad7df3c73189dcdd4aa05c540849b2010dbf",
          "version": "4.1.0"
        }
      },
      {
        "package": "Loaf",
        "repositoryURL": "https://github.com/josephroquedev/loaf",
        "state": {
          "branch": "swiftui",
          "revision": "4c5029a298487faacd58e15f2c26bec7fda4a8d4",
          "version": null
        }
      },
      {
        "package": "Regex",
        "repositoryURL": "https://github.com/sharplet/Regex.git",
        "state": {
          "branch": null,
          "revision": "a819aed0e9555268c29a62500fe6fb781ae7f57d",
          "version": "2.1.0"
        }
      },
      {
        "package": "SwiftyMarkdown",
        "repositoryURL": "https://github.com/SimonFairbairn/SwiftyMarkdown.git",
        "state": {
          "branch": null,
          "revision": "a06d690000d0877e61cc7632b4b230300acaa5a5",
          "version": "1.1.0"
        }
      }
    ]
  },
  "version": 1
}
