{
  "object": {
    "pins": [
      {
        "package": "HiveEngine",
        "repositoryURL": "https://github.com/josephroquedev/hive-engine.git",
        "state": {
          "branch": null,
          "revision": "2707e9f930149714a961ef135bc3597653565644",
          "version": "3.1.0"
        }
      },
      {
        "package": "KeychainAccess",
        "repositoryURL": "https://github.com/kishikawakatsumi/KeychainAccess",
        "state": {
          "branch": null,
          "revision": "b920ad7df3c73189dcdd4aa05c540849b2010dbf",
          "version": "4.1.0"
        }
      },
      {
        "package": "Loaf",
        "repositoryURL": "https://github.com/josephroquedev/loaf",
        "state": {
          "branch": "swiftui",
          "revision": "7061e0a456b5d925b82755a1453f4fe143a77a50",
          "version": null
        }
      },
      {
        "package": "Regex",
        "repositoryURL": "https://github.com/sharplet/Regex.git",
        "state": {
          "branch": null,
          "revision": "a819aed0e9555268c29a62500fe6fb781ae7f57d",
          "version": "2.1.0"
        }
      },
      {
        "package": "Starscream",
        "repositoryURL": "https://github.com/daltoniam/Starscream.git",
        "state": {
          "branch": null,
          "revision": "cfc7b7b8dc98df3f7bef8aa068bbaec13d9ceb1b",
          "version": "4.0.3"
        }
      },
      {
        "package": "swift-nio-zlib-support",
        "repositoryURL": "https://github.com/apple/swift-nio-zlib-support.git",
        "state": {
          "branch": null,
          "revision": "37760e9a52030bb9011972c5213c3350fa9d41fd",
          "version": "1.0.0"
        }
      },
      {
        "package": "Introspect",
        "repositoryURL": "https://github.com/siteline/SwiftUI-Introspect.git",
        "state": {
          "branch": null,
          "revision": "de5c32c15ae169cfcb27397ffb2734dcd0e1e6d5",
          "version": "0.1.0"
        }
      },
      {
        "package": "SwiftUIRefresh",
        "repositoryURL": "https://github.com/siteline/SwiftUIRefresh.git",
        "state": {
          "branch": null,
          "revision": "fa8fac7b5eb5c729983a8bef65f094b5e0d12014",
          "version": "0.0.3"
        }
      },
      {
        "package": "SwiftyMarkdown",
        "repositoryURL": "https://github.com/SimonFairbairn/SwiftyMarkdown.git",
        "state": {
          "branch": null,
          "revision": "a06d690000d0877e61cc7632b4b230300acaa5a5",
          "version": "1.1.0"
        }
      }
    ]
  },
  "version": 1
}
