// !$*UTF8*$!
{
	archiveVersion = 1;
	classes = {
	};
	objectVersion = 50;
	objects = {

/* Begin PBXBuildFile section */
		CA7299A42393156100AD1285 /* AppDelegate.swift in Sources */ = {isa = PBXBuildFile; fileRef = CA7299A32393156100AD1285 /* AppDelegate.swift */; };
		CA7299A62393156100AD1285 /* ContentView.swift in Sources */ = {isa = PBXBuildFile; fileRef = CA7299A52393156100AD1285 /* ContentView.swift */; };
		CA7299A82393156100AD1285 /* Experience.rcproject in Sources */ = {isa = PBXBuildFile; fileRef = CA7299A72393156100AD1285 /* Experience.rcproject */; };
		CA7299AA2393156400AD1285 /* Assets.xcassets in Resources */ = {isa = PBXBuildFile; fileRef = CA7299A92393156400AD1285 /* Assets.xcassets */; };
		CA7299AD2393156400AD1285 /* Preview Assets.xcassets in Resources */ = {isa = PBXBuildFile; fileRef = CA7299AC2393156400AD1285 /* Preview Assets.xcassets */; };
		CA7299B02393156400AD1285 /* LaunchScreen.storyboard in Resources */ = {isa = PBXBuildFile; fileRef = CA7299AE2393156400AD1285 /* LaunchScreen.storyboard */; };
/* End PBXBuildFile section */

/* Begin PBXFileReference section */
		CA7299A02393156100AD1285 /* Hive for iOS.app */ = {isa = PBXFileReference; explicitFileType = wrapper.application; includeInIndex = 0; path = "Hive for iOS.app"; sourceTree = BUILT_PRODUCTS_DIR; };
		CA7299A32393156100AD1285 /* AppDelegate.swift */ = {isa = PBXFileReference; lastKnownFileType = sourcecode.swift; path = AppDelegate.swift; sourceTree = "<group>"; };
		CA7299A52393156100AD1285 /* ContentView.swift */ = {isa = PBXFileReference; lastKnownFileType = sourcecode.swift; path = ContentView.swift; sourceTree = "<group>"; };
		CA7299A72393156100AD1285 /* Experience.rcproject */ = {isa = PBXFileReference; lastKnownFileType = file.rcproject; path = Experience.rcproject; sourceTree = "<group>"; };
		CA7299A92393156400AD1285 /* Assets.xcassets */ = {isa = PBXFileReference; lastKnownFileType = folder.assetcatalog; path = Assets.xcassets; sourceTree = "<group>"; };
		CA7299AC2393156400AD1285 /* Preview Assets.xcassets */ = {isa = PBXFileReference; lastKnownFileType = folder.assetcatalog; path = "Preview Assets.xcassets"; sourceTree = "<group>"; };
		CA7299AF2393156400AD1285 /* Base */ = {isa = PBXFileReference; lastKnownFileType = file.storyboard; name = Base; path = Base.lproj/LaunchScreen.storyboard; sourceTree = "<group>"; };
		CA7299B12393156400AD1285 /* Info.plist */ = {isa = PBXFileReference; lastKnownFileType = text.plist.xml; path = Info.plist; sourceTree = "<group>"; };
/* End PBXFileReference section */

/* Begin PBXFrameworksBuildPhase section */
		CA72999D2393156100AD1285 /* Frameworks */ = {
			isa = PBXFrameworksBuildPhase;
			buildActionMask = 2147483647;
			files = (
			);
			runOnlyForDeploymentPostprocessing = 0;
		};
/* End PBXFrameworksBuildPhase section */

/* Begin PBXGroup section */
		CA7299972393156100AD1285 = {
			isa = PBXGroup;
			children = (
				CA7299A22393156100AD1285 /* Hive for iOS */,
				CA7299A12393156100AD1285 /* Products */,
			);
			sourceTree = "<group>";
		};
		CA7299A12393156100AD1285 /* Products */ = {
			isa = PBXGroup;
			children = (
				CA7299A02393156100AD1285 /* Hive for iOS.app */,
			);
			name = Products;
			sourceTree = "<group>";
		};
		CA7299A22393156100AD1285 /* Hive for iOS */ = {
			isa = PBXGroup;
			children = (
				CA7299B8239320EF00AD1285 /* Resources */,
				CA7299B7239320EA00AD1285 /* Source */,
				CA7299B12393156400AD1285 /* Info.plist */,
				CA7299AB2393156400AD1285 /* Preview Content */,
			);
			path = "Hive for iOS";
			sourceTree = "<group>";
		};
		CA7299AB2393156400AD1285 /* Preview Content */ = {
			isa = PBXGroup;
			children = (
				CA7299AC2393156400AD1285 /* Preview Assets.xcassets */,
			);
			path = "Preview Content";
			sourceTree = "<group>";
		};
		CA7299B7239320EA00AD1285 /* Source */ = {
			isa = PBXGroup;
			children = (
				CA7299A32393156100AD1285 /* AppDelegate.swift */,
				CA7299A52393156100AD1285 /* ContentView.swift */,
			);
			path = Source;
			sourceTree = "<group>";
		};
		CA7299B8239320EF00AD1285 /* Resources */ = {
			isa = PBXGroup;
			children = (
				CA7299AE2393156400AD1285 /* LaunchScreen.storyboard */,
				CA7299A92393156400AD1285 /* Assets.xcassets */,
				CA7299A72393156100AD1285 /* Experience.rcproject */,
			);
			path = Resources;
			sourceTree = "<group>";
		};
/* End PBXGroup section */

/* Begin PBXNativeTarget section */
		CA72999F2393156100AD1285 /* Hive for iOS */ = {
			isa = PBXNativeTarget;
			buildConfigurationList = CA7299B42393156400AD1285 /* Build configuration list for PBXNativeTarget "Hive for iOS" */;
			buildPhases = (
				CA72999C2393156100AD1285 /* Sources */,
				CA72999D2393156100AD1285 /* Frameworks */,
				CA72999E2393156100AD1285 /* Resources */,
			);
			buildRules = (
			);
			dependencies = (
			);
			name = "Hive for iOS";
			productName = "Hive for iOS";
			productReference = CA7299A02393156100AD1285 /* Hive for iOS.app */;
			productType = "com.apple.product-type.application";
		};
/* End PBXNativeTarget section */

/* Begin PBXProject section */
		CA7299982393156100AD1285 /* Project object */ = {
			isa = PBXProject;
			attributes = {
				LastSwiftUpdateCheck = 1110;
				LastUpgradeCheck = 1110;
				ORGANIZATIONNAME = "Joseph Roque";
				TargetAttributes = {
					CA72999F2393156100AD1285 = {
						CreatedOnToolsVersion = 11.1;
					};
				};
			};
			buildConfigurationList = CA72999B2393156100AD1285 /* Build configuration list for PBXProject "Hive for iOS" */;
			compatibilityVersion = "Xcode 9.3";
			developmentRegion = en;
			hasScannedForEncodings = 0;
			knownRegions = (
				en,
				Base,
			);
			mainGroup = CA7299972393156100AD1285;
			productRefGroup = CA7299A12393156100AD1285 /* Products */;
			projectDirPath = "";
			projectRoot = "";
			targets = (
				CA72999F2393156100AD1285 /* Hive for iOS */,
			);
		};
/* End PBXProject section */

/* Begin PBXResourcesBuildPhase section */
		CA72999E2393156100AD1285 /* Resources */ = {
			isa = PBXResourcesBuildPhase;
			buildActionMask = 2147483647;
			files = (
				CA7299B02393156400AD1285 /* LaunchScreen.storyboard in Resources */,
				CA7299AD2393156400AD1285 /* Preview Assets.xcassets in Resources */,
				CA7299AA2393156400AD1285 /* Assets.xcassets in Resources */,
			);
			runOnlyForDeploymentPostprocessing = 0;
		};
/* End PBXResourcesBuildPhase section */

/* Begin PBXSourcesBuildPhase section */
		CA72999C2393156100AD1285 /* Sources */ = {
			isa = PBXSourcesBuildPhase;
			buildActionMask = 2147483647;
			files = (
				CA7299A62393156100AD1285 /* ContentView.swift in Sources */,
				CA7299A42393156100AD1285 /* AppDelegate.swift in Sources */,
				CA7299A82393156100AD1285 /* Experience.rcproject in Sources */,
			);
			runOnlyForDeploymentPostprocessing = 0;
		};
/* End PBXSourcesBuildPhase section */

/* Begin PBXVariantGroup section */
		CA7299AE2393156400AD1285 /* LaunchScreen.storyboard */ = {
			isa = PBXVariantGroup;
			children = (
				CA7299AF2393156400AD1285 /* Base */,
			);
			name = LaunchScreen.storyboard;
			sourceTree = "<group>";
		};
/* End PBXVariantGroup section */

/* Begin XCBuildConfiguration section */
		CA7299B22393156400AD1285 /* Debug */ = {
			isa = XCBuildConfiguration;
			buildSettings = {
				ALWAYS_SEARCH_USER_PATHS = NO;
				CLANG_ANALYZER_NONNULL = YES;
				CLANG_ANALYZER_NUMBER_OBJECT_CONVERSION = YES_AGGRESSIVE;
				CLANG_CXX_LANGUAGE_STANDARD = "gnu++14";
				CLANG_CXX_LIBRARY = "libc++";
				CLANG_ENABLE_MODULES = YES;
				CLANG_ENABLE_OBJC_ARC = YES;
				CLANG_ENABLE_OBJC_WEAK = YES;
				CLANG_WARN_BLOCK_CAPTURE_AUTORELEASING = YES;
				CLANG_WARN_BOOL_CONVERSION = YES;
				CLANG_WARN_COMMA = YES;
				CLANG_WARN_CONSTANT_CONVERSION = YES;
				CLANG_WARN_DEPRECATED_OBJC_IMPLEMENTATIONS = YES;
				CLANG_WARN_DIRECT_OBJC_ISA_USAGE = YES_ERROR;
				CLANG_WARN_DOCUMENTATION_COMMENTS = YES;
				CLANG_WARN_EMPTY_BODY = YES;
				CLANG_WARN_ENUM_CONVERSION = YES;
				CLANG_WARN_INFINITE_RECURSION = YES;
				CLANG_WARN_INT_CONVERSION = YES;
				CLANG_WARN_NON_LITERAL_NULL_CONVERSION = YES;
				CLANG_WARN_OBJC_IMPLICIT_RETAIN_SELF = YES;
				CLANG_WARN_OBJC_LITERAL_CONVERSION = YES;
				CLANG_WARN_OBJC_ROOT_CLASS = YES_ERROR;
				CLANG_WARN_RANGE_LOOP_ANALYSIS = YES;
				CLANG_WARN_STRICT_PROTOTYPES = YES;
				CLANG_WARN_SUSPICIOUS_MOVE = YES;
				CLANG_WARN_UNGUARDED_AVAILABILITY = YES_AGGRESSIVE;
				CLANG_WARN_UNREACHABLE_CODE = YES;
				CLANG_WARN__DUPLICATE_METHOD_MATCH = YES;
				COPY_PHASE_STRIP = NO;
				DEBUG_INFORMATION_FORMAT = dwarf;
				ENABLE_STRICT_OBJC_MSGSEND = YES;
				ENABLE_TESTABILITY = YES;
				GCC_C_LANGUAGE_STANDARD = gnu11;
				GCC_DYNAMIC_NO_PIC = NO;
				GCC_NO_COMMON_BLOCKS = YES;
				GCC_OPTIMIZATION_LEVEL = 0;
				GCC_PREPROCESSOR_DEFINITIONS = (
					"DEBUG=1",
					"$(inherited)",
				);
				GCC_WARN_64_TO_32_BIT_CONVERSION = YES;
				GCC_WARN_ABOUT_RETURN_TYPE = YES_ERROR;
				GCC_WARN_UNDECLARED_SELECTOR = YES;
				GCC_WARN_UNINITIALIZED_AUTOS = YES_AGGRESSIVE;
				GCC_WARN_UNUSED_FUNCTION = YES;
				GCC_WARN_UNUSED_VARIABLE = YES;
				IPHONEOS_DEPLOYMENT_TARGET = 13.1;
				MTL_ENABLE_DEBUG_INFO = INCLUDE_SOURCE;
				MTL_FAST_MATH = YES;
				ONLY_ACTIVE_ARCH = YES;
				SDKROOT = iphoneos;
				SWIFT_ACTIVE_COMPILATION_CONDITIONS = DEBUG;
				SWIFT_OPTIMIZATION_LEVEL = "-Onone";
			};
			name = Debug;
		};
		CA7299B32393156400AD1285 /* Release */ = {
			isa = XCBuildConfiguration;
			buildSettings = {
				ALWAYS_SEARCH_USER_PATHS = NO;
				CLANG_ANALYZER_NONNULL = YES;
				CLANG_ANALYZER_NUMBER_OBJECT_CONVERSION = YES_AGGRESSIVE;
				CLANG_CXX_LANGUAGE_STANDARD = "gnu++14";
				CLANG_CXX_LIBRARY = "libc++";
				CLANG_ENABLE_MODULES = YES;
				CLANG_ENABLE_OBJC_ARC = YES;
				CLANG_ENABLE_OBJC_WEAK = YES;
				CLANG_WARN_BLOCK_CAPTURE_AUTORELEASING = YES;
				CLANG_WARN_BOOL_CONVERSION = YES;
				CLANG_WARN_COMMA = YES;
				CLANG_WARN_CONSTANT_CONVERSION = YES;
				CLANG_WARN_DEPRECATED_OBJC_IMPLEMENTATIONS = YES;
				CLANG_WARN_DIRECT_OBJC_ISA_USAGE = YES_ERROR;
				CLANG_WARN_DOCUMENTATION_COMMENTS = YES;
				CLANG_WARN_EMPTY_BODY = YES;
				CLANG_WARN_ENUM_CONVERSION = YES;
				CLANG_WARN_INFINITE_RECURSION = YES;
				CLANG_WARN_INT_CONVERSION = YES;
				CLANG_WARN_NON_LITERAL_NULL_CONVERSION = YES;
				CLANG_WARN_OBJC_IMPLICIT_RETAIN_SELF = YES;
				CLANG_WARN_OBJC_LITERAL_CONVERSION = YES;
				CLANG_WARN_OBJC_ROOT_CLASS = YES_ERROR;
				CLANG_WARN_RANGE_LOOP_ANALYSIS = YES;
				CLANG_WARN_STRICT_PROTOTYPES = YES;
				CLANG_WARN_SUSPICIOUS_MOVE = YES;
				CLANG_WARN_UNGUARDED_AVAILABILITY = YES_AGGRESSIVE;
				CLANG_WARN_UNREACHABLE_CODE = YES;
				CLANG_WARN__DUPLICATE_METHOD_MATCH = YES;
				COPY_PHASE_STRIP = NO;
				DEBUG_INFORMATION_FORMAT = "dwarf-with-dsym";
				ENABLE_NS_ASSERTIONS = NO;
				ENABLE_STRICT_OBJC_MSGSEND = YES;
				GCC_C_LANGUAGE_STANDARD = gnu11;
				GCC_NO_COMMON_BLOCKS = YES;
				GCC_WARN_64_TO_32_BIT_CONVERSION = YES;
				GCC_WARN_ABOUT_RETURN_TYPE = YES_ERROR;
				GCC_WARN_UNDECLARED_SELECTOR = YES;
				GCC_WARN_UNINITIALIZED_AUTOS = YES_AGGRESSIVE;
				GCC_WARN_UNUSED_FUNCTION = YES;
				GCC_WARN_UNUSED_VARIABLE = YES;
				IPHONEOS_DEPLOYMENT_TARGET = 13.1;
				MTL_ENABLE_DEBUG_INFO = NO;
				MTL_FAST_MATH = YES;
				SDKROOT = iphoneos;
				SWIFT_COMPILATION_MODE = wholemodule;
				SWIFT_OPTIMIZATION_LEVEL = "-O";
				VALIDATE_PRODUCT = YES;
			};
			name = Release;
		};
		CA7299B52393156400AD1285 /* Debug */ = {
			isa = XCBuildConfiguration;
			buildSettings = {
				ASSETCATALOG_COMPILER_APPICON_NAME = AppIcon;
				CODE_SIGN_STYLE = Automatic;
				DEVELOPMENT_ASSET_PATHS = "\"Hive for iOS/Preview Content\"";
				DEVELOPMENT_TEAM = 3UBRXR267C;
				ENABLE_PREVIEWS = YES;
				INFOPLIST_FILE = "Hive for iOS/Info.plist";
				LD_RUNPATH_SEARCH_PATHS = (
					"$(inherited)",
					"@executable_path/Frameworks",
				);
				PRODUCT_BUNDLE_IDENTIFIER = "ca.josephroque.Hive-for-iOS";
				PRODUCT_NAME = "$(TARGET_NAME)";
				SWIFT_VERSION = 5.0;
				TARGETED_DEVICE_FAMILY = "1,2";
			};
			name = Debug;
		};
		CA7299B62393156400AD1285 /* Release */ = {
			isa = XCBuildConfiguration;
			buildSettings = {
				ASSETCATALOG_COMPILER_APPICON_NAME = AppIcon;
				CODE_SIGN_STYLE = Automatic;
				DEVELOPMENT_ASSET_PATHS = "\"Hive for iOS/Preview Content\"";
				DEVELOPMENT_TEAM = 3UBRXR267C;
				ENABLE_PREVIEWS = YES;
				INFOPLIST_FILE = "Hive for iOS/Info.plist";
				LD_RUNPATH_SEARCH_PATHS = (
					"$(inherited)",
					"@executable_path/Frameworks",
				);
				PRODUCT_BUNDLE_IDENTIFIER = "ca.josephroque.Hive-for-iOS";
				PRODUCT_NAME = "$(TARGET_NAME)";
				SWIFT_VERSION = 5.0;
				TARGETED_DEVICE_FAMILY = "1,2";
			};
			name = Release;
		};
/* End XCBuildConfiguration section */

/* Begin XCConfigurationList section */
		CA72999B2393156100AD1285 /* Build configuration list for PBXProject "Hive for iOS" */ = {
			isa = XCConfigurationList;
			buildConfigurations = (
				CA7299B22393156400AD1285 /* Debug */,
				CA7299B32393156400AD1285 /* Release */,
			);
			defaultConfigurationIsVisible = 0;
			defaultConfigurationName = Release;
		};
		CA7299B42393156400AD1285 /* Build configuration list for PBXNativeTarget "Hive for iOS" */ = {
			isa = XCConfigurationList;
			buildConfigurations = (
				CA7299B52393156400AD1285 /* Debug */,
				CA7299B62393156400AD1285 /* Release */,
			);
			defaultConfigurationIsVisible = 0;
			defaultConfigurationName = Release;
		};
/* End XCConfigurationList section */
	};
	rootObject = CA7299982393156100AD1285 /* Project object */;
}
